// !$*UTF8*$!
{
	archiveVersion = 1;
	classes = {
	};
	objectVersion = 46;
	objects = {

/* Begin PBXBuildFile section */
		0403DCF71DBF29D6000632CD /* SettingViewController.m in Sources */ = {isa = PBXBuildFile; fileRef = 0403DCF51DBF29D6000632CD /* SettingViewController.m */; };
		0403DCF81DBF29D6000632CD /* SettingViewController.xib in Resources */ = {isa = PBXBuildFile; fileRef = 0403DCF61DBF29D6000632CD /* SettingViewController.xib */; };
		0403DCFC1DBF2AFC000632CD /* SecurityAccountViewController.m in Sources */ = {isa = PBXBuildFile; fileRef = 0403DCFA1DBF2AFC000632CD /* SecurityAccountViewController.m */; };
		0403DCFD1DBF2AFC000632CD /* SecurityAccountViewController.xib in Resources */ = {isa = PBXBuildFile; fileRef = 0403DCFB1DBF2AFC000632CD /* SecurityAccountViewController.xib */; };
		0403DD011DBF2B65000632CD /* MessagePushViewController.m in Sources */ = {isa = PBXBuildFile; fileRef = 0403DCFF1DBF2B65000632CD /* MessagePushViewController.m */; };
		0403DD021DBF2B65000632CD /* MessagePushViewController.xib in Resources */ = {isa = PBXBuildFile; fileRef = 0403DD001DBF2B65000632CD /* MessagePushViewController.xib */; };
		0403DD061DBF2BB6000632CD /* RemoveCookieViewController.m in Sources */ = {isa = PBXBuildFile; fileRef = 0403DD041DBF2BB6000632CD /* RemoveCookieViewController.m */; };
		0403DD071DBF2BB6000632CD /* RemoveCookieViewController.xib in Resources */ = {isa = PBXBuildFile; fileRef = 0403DD051DBF2BB6000632CD /* RemoveCookieViewController.xib */; };
		0403DD0D1DBF3586000632CD /* MyHeaderView.m in Sources */ = {isa = PBXBuildFile; fileRef = 0403DD0C1DBF3586000632CD /* MyHeaderView.m */; };
		040FE9F01DC9B608001225BF /* PromptView.m in Sources */ = {isa = PBXBuildFile; fileRef = 040FE9EF1DC9B608001225BF /* PromptView.m */; };
		040FE9F41DC9DE18001225BF /* PresentWaitingViewController.m in Sources */ = {isa = PBXBuildFile; fileRef = 040FE9F21DC9DE18001225BF /* PresentWaitingViewController.m */; };
		040FE9F51DC9DE18001225BF /* PresentWaitingViewController.xib in Resources */ = {isa = PBXBuildFile; fileRef = 040FE9F31DC9DE18001225BF /* PresentWaitingViewController.xib */; };
		042F19BA1DC1A0FC0079E8BC /* DogPictureCollectionViewCell.m in Sources */ = {isa = PBXBuildFile; fileRef = 042F19B91DC1A0FC0079E8BC /* DogPictureCollectionViewCell.m */; };
		042F19BD1DC1CF950079E8BC /* DogTypesView.m in Sources */ = {isa = PBXBuildFile; fileRef = 042F19BC1DC1CF950079E8BC /* DogTypesView.m */; };
		044169F11DC3BBD000B537E4 /* TalkingViewController.m in Sources */ = {isa = PBXBuildFile; fileRef = 044169F01DC3BBD000B537E4 /* TalkingViewController.m */; };
		044169F81DC3BC2800B537E4 /* ServiceViewController.m in Sources */ = {isa = PBXBuildFile; fileRef = 044169F71DC3BC2800B537E4 /* ServiceViewController.m */; };
		044169FB1DC3BC3F00B537E4 /* SellerShowViewController.m in Sources */ = {isa = PBXBuildFile; fileRef = 044169FA1DC3BC3F00B537E4 /* SellerShowViewController.m */; };
		04416A001DC3BC7C00B537E4 /* DogShowViewController.m in Sources */ = {isa = PBXBuildFile; fileRef = 044169FF1DC3BC7C00B537E4 /* DogShowViewController.m */; };
		044917FD1DC6EB9200541195 /* ShareAlertView.m in Sources */ = {isa = PBXBuildFile; fileRef = 044917FC1DC6EB9200541195 /* ShareAlertView.m */; };
		044918001DC6EBE000541195 /* ShareBtn.m in Sources */ = {isa = PBXBuildFile; fileRef = 044917FF1DC6EBE000541195 /* ShareBtn.m */; };
		044918031DC6ECA200541195 /* ShareBtnModel.m in Sources */ = {isa = PBXBuildFile; fileRef = 044918021DC6ECA200541195 /* ShareBtnModel.m */; };
		0449180B1DC70EF800541195 /* DogShowMessageCell.m in Sources */ = {isa = PBXBuildFile; fileRef = 044918091DC70EF800541195 /* DogShowMessageCell.m */; };
		0449180F1DC72F6F00541195 /* DogImageView.m in Sources */ = {isa = PBXBuildFile; fileRef = 0449180E1DC72F6F00541195 /* DogImageView.m */; };
		044918121DC74CCA00541195 /* DogMarkView.m in Sources */ = {isa = PBXBuildFile; fileRef = 044918111DC74CCA00541195 /* DogMarkView.m */; };
		0457B9FF1DC06B28009A0B79 /* NSString+CheckString.m in Sources */ = {isa = PBXBuildFile; fileRef = 0457B9FE1DC06B28009A0B79 /* NSString+CheckString.m */; };
		0457BA021DC07B66009A0B79 /* UIColor+HexString.m in Sources */ = {isa = PBXBuildFile; fileRef = 0457BA011DC07B66009A0B79 /* UIColor+HexString.m */; };
		046657B61DC0D43000784687 /* SurePsdSuccessViewController.m in Sources */ = {isa = PBXBuildFile; fileRef = 046657B41DC0D43000784687 /* SurePsdSuccessViewController.m */; };
		046657B71DC0D43000784687 /* SurePsdSuccessViewController.xib in Resources */ = {isa = PBXBuildFile; fileRef = 046657B51DC0D43000784687 /* SurePsdSuccessViewController.xib */; };
		0467ACF21DBDEF2200562CC4 /* Main.storyboard in Resources */ = {isa = PBXBuildFile; fileRef = 0467ACF01DBDEF2200562CC4 /* Main.storyboard */; };
		0467ACF41DBDEF2200562CC4 /* Assets.xcassets in Resources */ = {isa = PBXBuildFile; fileRef = 0467ACF31DBDEF2200562CC4 /* Assets.xcassets */; };
		0467ACF71DBDEF2200562CC4 /* LaunchScreen.storyboard in Resources */ = {isa = PBXBuildFile; fileRef = 0467ACF51DBDEF2200562CC4 /* LaunchScreen.storyboard */; };
		0467AD361DBDF0B300562CC4 /* FocusViewController.m in Sources */ = {isa = PBXBuildFile; fileRef = 0467AD021DBDF0B300562CC4 /* FocusViewController.m */; };
		0467AD371DBDF0B300562CC4 /* HostViewController.m in Sources */ = {isa = PBXBuildFile; fileRef = 0467AD041DBDF0B300562CC4 /* HostViewController.m */; };
		0467AD381DBDF0B300562CC4 /* LiveViewController.m in Sources */ = {isa = PBXBuildFile; fileRef = 0467AD061DBDF0B300562CC4 /* LiveViewController.m */; };
		0467AD391DBDF0B300562CC4 /* LiveViewController.xib in Resources */ = {isa = PBXBuildFile; fileRef = 0467AD071DBDF0B300562CC4 /* LiveViewController.xib */; };
		0467AD3A1DBDF0B300562CC4 /* RecommendViewController.m in Sources */ = {isa = PBXBuildFile; fileRef = 0467AD091DBDF0B300562CC4 /* RecommendViewController.m */; };
		0467AD3B1DBDF0B300562CC4 /* SearchViewController.m in Sources */ = {isa = PBXBuildFile; fileRef = 0467AD0B1DBDF0B300562CC4 /* SearchViewController.m */; };
		0467AD3D1DBDF0B300562CC4 /* LiveTopView.m in Sources */ = {isa = PBXBuildFile; fileRef = 0467AD111DBDF0B300562CC4 /* LiveTopView.m */; };
		0467AD3E1DBDF0B300562CC4 /* ForgetPsdViewController.m in Sources */ = {isa = PBXBuildFile; fileRef = 0467AD151DBDF0B300562CC4 /* ForgetPsdViewController.m */; };
		0467AD3F1DBDF0B300562CC4 /* ForgetPsdViewController.xib in Resources */ = {isa = PBXBuildFile; fileRef = 0467AD161DBDF0B300562CC4 /* ForgetPsdViewController.xib */; };
		0467AD401DBDF0B300562CC4 /* LoginViewController.m in Sources */ = {isa = PBXBuildFile; fileRef = 0467AD181DBDF0B300562CC4 /* LoginViewController.m */; };
		0467AD411DBDF0B300562CC4 /* LoginViewController.xib in Resources */ = {isa = PBXBuildFile; fileRef = 0467AD191DBDF0B300562CC4 /* LoginViewController.xib */; };
		0467AD421DBDF0B300562CC4 /* RegisteViewController.m in Sources */ = {isa = PBXBuildFile; fileRef = 0467AD1B1DBDF0B300562CC4 /* RegisteViewController.m */; };
		0467AD431DBDF0B300562CC4 /* RegisteViewController.xib in Resources */ = {isa = PBXBuildFile; fileRef = 0467AD1C1DBDF0B300562CC4 /* RegisteViewController.xib */; };
		0467AD441DBDF0B300562CC4 /* MyViewController.m in Sources */ = {isa = PBXBuildFile; fileRef = 0467AD231DBDF0B300562CC4 /* MyViewController.m */; };
		0467AD451DBDF0B300562CC4 /* MyViewController.xib in Resources */ = {isa = PBXBuildFile; fileRef = 0467AD241DBDF0B300562CC4 /* MyViewController.xib */; };
		0467AD461DBDF0B300562CC4 /* MessageViewController.m in Sources */ = {isa = PBXBuildFile; fileRef = 0467AD2B1DBDF0B300562CC4 /* MessageViewController.m */; };
		0467AD471DBDF0B300562CC4 /* AppDelegate.m in Sources */ = {isa = PBXBuildFile; fileRef = 0467AD311DBDF0B300562CC4 /* AppDelegate.m */; };
		0467AD491DBDF0B300562CC4 /* main.m in Sources */ = {isa = PBXBuildFile; fileRef = 0467AD331DBDF0B300562CC4 /* main.m */; };
		0467AD4A1DBDF0B300562CC4 /* ViewController.m in Sources */ = {isa = PBXBuildFile; fileRef = 0467AD351DBDF0B300562CC4 /* ViewController.m */; };
		0467AD541DBDFFBA00562CC4 /* SurePsdViewController.m in Sources */ = {isa = PBXBuildFile; fileRef = 0467AD521DBDFFBA00562CC4 /* SurePsdViewController.m */; };
		0467AD551DBDFFBA00562CC4 /* SurePsdViewController.xib in Resources */ = {isa = PBXBuildFile; fileRef = 0467AD531DBDFFBA00562CC4 /* SurePsdViewController.xib */; };
		0469D3851DC0404800CEF8E6 /* BaseTabBarController.m in Sources */ = {isa = PBXBuildFile; fileRef = 0469D3841DC0404800CEF8E6 /* BaseTabBarController.m */; };
		0469D3881DC0406300CEF8E6 /* BaseNavigationController.m in Sources */ = {isa = PBXBuildFile; fileRef = 0469D3871DC0406300CEF8E6 /* BaseNavigationController.m */; };
		0469D38B1DC040AA00CEF8E6 /* HTTPTool.m in Sources */ = {isa = PBXBuildFile; fileRef = 0469D38A1DC040AA00CEF8E6 /* HTTPTool.m */; };
		0469D38E1DC041D000CEF8E6 /* BaseViewController.m in Sources */ = {isa = PBXBuildFile; fileRef = 0469D38D1DC041D000CEF8E6 /* BaseViewController.m */; };
		046BC2B51DC24C0D00B5DD52 /* MoreImpressViewController.m in Sources */ = {isa = PBXBuildFile; fileRef = 046BC2B31DC24C0D00B5DD52 /* MoreImpressViewController.m */; };
		046BC2C71DC2E71200B5DD52 /* DogCardView.m in Sources */ = {isa = PBXBuildFile; fileRef = 046BC2B81DC2E71200B5DD52 /* DogCardView.m */; };
		046BC2C91DC2E71200B5DD52 /* DogSizeFilter.m in Sources */ = {isa = PBXBuildFile; fileRef = 046BC2BB1DC2E71200B5DD52 /* DogSizeFilter.m */; };
		046BC2CA1DC2E71200B5DD52 /* FilteButton.m in Sources */ = {isa = PBXBuildFile; fileRef = 046BC2BD1DC2E71200B5DD52 /* FilteButton.m */; };
		046BC2CB1DC2E71200B5DD52 /* LiveFilteView.m in Sources */ = {isa = PBXBuildFile; fileRef = 046BC2BF1DC2E71200B5DD52 /* LiveFilteView.m */; };
		046BC2CC1DC2E71200B5DD52 /* LiveTableView.m in Sources */ = {isa = PBXBuildFile; fileRef = 046BC2C11DC2E71200B5DD52 /* LiveTableView.m */; };
		046BC2CD1DC2E71200B5DD52 /* LiveViewCell.m in Sources */ = {isa = PBXBuildFile; fileRef = 046BC2C31DC2E71200B5DD52 /* LiveViewCell.m */; };
		046BC2CE1DC2E71200B5DD52 /* LiveViewCell.xib in Resources */ = {isa = PBXBuildFile; fileRef = 046BC2C41DC2E71200B5DD52 /* LiveViewCell.xib */; };
		046BC2CF1DC2E71200B5DD52 /* NoneFocusView.m in Sources */ = {isa = PBXBuildFile; fileRef = 046BC2C61DC2E71200B5DD52 /* NoneFocusView.m */; };
		046BC2D31DC2E72500B5DD52 /* LivingViewController.m in Sources */ = {isa = PBXBuildFile; fileRef = 046BC2D11DC2E72500B5DD52 /* LivingViewController.m */; };
		046BC2D71DC2E73700B5DD52 /* LiveViewCellModel.m in Sources */ = {isa = PBXBuildFile; fileRef = 046BC2D61DC2E73700B5DD52 /* LiveViewCellModel.m */; };
		046BC2E51DC2EEDE00B5DD52 /* DogTypeCellModel.m in Sources */ = {isa = PBXBuildFile; fileRef = 046BC2E41DC2EEDE00B5DD52 /* DogTypeCellModel.m */; };
		0498A0911DC83AB800727A6A /* MoreImpressViewCell.m in Sources */ = {isa = PBXBuildFile; fileRef = 0498A08F1DC83AB800727A6A /* MoreImpressViewCell.m */; };
		0498A0951DC85FD000727A6A /* DetailCountViewController.m in Sources */ = {isa = PBXBuildFile; fileRef = 0498A0941DC85FD000727A6A /* DetailCountViewController.m */; };
		0498A0991DC8632100727A6A /* DetailCountViewCell.m in Sources */ = {isa = PBXBuildFile; fileRef = 0498A0971DC8632100727A6A /* DetailCountViewCell.m */; };
		0498A09A1DC8632100727A6A /* DetailCountViewCell.xib in Resources */ = {isa = PBXBuildFile; fileRef = 0498A0981DC8632100727A6A /* DetailCountViewCell.xib */; };
		0498A09D1DC86D8A00727A6A /* DetailCountTopView.m in Sources */ = {isa = PBXBuildFile; fileRef = 0498A09C1DC86D8A00727A6A /* DetailCountTopView.m */; };
		0498A0A21DC87EEC00727A6A /* TalkingView.m in Sources */ = {isa = PBXBuildFile; fileRef = 0498A0A11DC87EEC00727A6A /* TalkingView.m */; };
		0498A0A61DC8A52000727A6A /* SellerMessageView.m in Sources */ = {isa = PBXBuildFile; fileRef = 0498A0A51DC8A52000727A6A /* SellerMessageView.m */; };
		0498A0A91DC8A83800727A6A /* StartSourceView.m in Sources */ = {isa = PBXBuildFile; fileRef = 0498A0A81DC8A83800727A6A /* StartSourceView.m */; };
		0498A0CC1DC8D26700727A6A /* PayingViewController.m in Sources */ = {isa = PBXBuildFile; fileRef = 0498A0C71DC8D26700727A6A /* PayingViewController.m */; };
		0498A0CD1DC8D26700727A6A /* PayingViewController.xib in Resources */ = {isa = PBXBuildFile; fileRef = 0498A0C81DC8D26700727A6A /* PayingViewController.xib */; };
		0498A0CE1DC8D26700727A6A /* PresentApplicationViewController.m in Sources */ = {isa = PBXBuildFile; fileRef = 0498A0CA1DC8D26700727A6A /* PresentApplicationViewController.m */; };
		0498A0CF1DC8D26700727A6A /* PresentApplicationViewController.xib in Resources */ = {isa = PBXBuildFile; fileRef = 0498A0CB1DC8D26700727A6A /* PresentApplicationViewController.xib */; };
		0498A0D31DC8D28400727A6A /* DogTypesViewController.m in Sources */ = {isa = PBXBuildFile; fileRef = 0498A0D21DC8D28400727A6A /* DogTypesViewController.m */; };
		0498A0D61DC9A39700727A6A /* PlayBackView.m in Sources */ = {isa = PBXBuildFile; fileRef = 0498A0D51DC9A39700727A6A /* PlayBackView.m */; };
		0498A0D91DC9A3D900727A6A /* PicturesView.m in Sources */ = {isa = PBXBuildFile; fileRef = 0498A0D81DC9A3D900727A6A /* PicturesView.m */; };
		0498A0DF1DC9BCF600727A6A /* PlayBackCard.m in Sources */ = {isa = PBXBuildFile; fileRef = 0498A0DE1DC9BCF600727A6A /* PlayBackCard.m */; };
		04AE67B71DBE21FD00F4831D /* CodeLoginViewController.m in Sources */ = {isa = PBXBuildFile; fileRef = 04AE67B51DBE21FD00F4831D /* CodeLoginViewController.m */; };
		04AE67B81DBE21FD00F4831D /* CodeLoginViewController.xib in Resources */ = {isa = PBXBuildFile; fileRef = 04AE67B61DBE21FD00F4831D /* CodeLoginViewController.xib */; };
		04AE67C21DBEEFA000F4831D /* AccountViewController.m in Sources */ = {isa = PBXBuildFile; fileRef = 04AE67C01DBEEFA000F4831D /* AccountViewController.m */; };
		04AE67C71DBEEFD000F4831D /* ShopAddressViewController.m in Sources */ = {isa = PBXBuildFile; fileRef = 04AE67C51DBEEFD000F4831D /* ShopAddressViewController.m */; };
		04AE67C81DBEEFD000F4831D /* ShopAddressViewController.xib in Resources */ = {isa = PBXBuildFile; fileRef = 04AE67C61DBEEFD000F4831D /* ShopAddressViewController.xib */; };
		04AE67CC1DBEEFFC00F4831D /* OrderGoodsViewController.m in Sources */ = {isa = PBXBuildFile; fileRef = 04AE67CA1DBEEFFC00F4831D /* OrderGoodsViewController.m */; };
		04AE67CD1DBEEFFC00F4831D /* OrderGoodsViewController.xib in Resources */ = {isa = PBXBuildFile; fileRef = 04AE67CB1DBEEFFC00F4831D /* OrderGoodsViewController.xib */; };
		04AE67D21DBEF02D00F4831D /* FavoriteViewController.m in Sources */ = {isa = PBXBuildFile; fileRef = 04AE67D01DBEF02D00F4831D /* FavoriteViewController.m */; };
		04AE67D31DBEF02D00F4831D /* FavoriteViewController.xib in Resources */ = {isa = PBXBuildFile; fileRef = 04AE67D11DBEF02D00F4831D /* FavoriteViewController.xib */; };
		04AE67D71DBEF04500F4831D /* WatchHistoryViewController.m in Sources */ = {isa = PBXBuildFile; fileRef = 04AE67D51DBEF04500F4831D /* WatchHistoryViewController.m */; };
		04AE67D81DBEF04500F4831D /* WatchHistoryViewController.xib in Resources */ = {isa = PBXBuildFile; fileRef = 04AE67D61DBEF04500F4831D /* WatchHistoryViewController.xib */; };
		04AE67E21DBEF0DE00F4831D /* CertificateViewController.m in Sources */ = {isa = PBXBuildFile; fileRef = 04AE67E01DBEF0DE00F4831D /* CertificateViewController.m */; };
		04AE67E31DBEF0DE00F4831D /* CertificateViewController.xib in Resources */ = {isa = PBXBuildFile; fileRef = 04AE67E11DBEF0DE00F4831D /* CertificateViewController.xib */; };
		04AE67E71DBEF10900F4831D /* MerchantViewController.m in Sources */ = {isa = PBXBuildFile; fileRef = 04AE67E51DBEF10900F4831D /* MerchantViewController.m */; };
		04AE67E81DBEF10900F4831D /* MerchantViewController.xib in Resources */ = {isa = PBXBuildFile; fileRef = 04AE67E61DBEF10900F4831D /* MerchantViewController.xib */; };
		04AE67ED1DBEF4CA00F4831D /* SuggestViewController.m in Sources */ = {isa = PBXBuildFile; fileRef = 04AE67EB1DBEF4CA00F4831D /* SuggestViewController.m */; };
		04AE67EE1DBEF4CA00F4831D /* SuggestViewController.xib in Resources */ = {isa = PBXBuildFile; fileRef = 04AE67EC1DBEF4CA00F4831D /* SuggestViewController.xib */; };
		04AE67F21DBEF4DF00F4831D /* AboutUsViewController.m in Sources */ = {isa = PBXBuildFile; fileRef = 04AE67F01DBEF4DF00F4831D /* AboutUsViewController.m */; };
		04AE67F31DBEF4DF00F4831D /* AboutUsViewController.xib in Resources */ = {isa = PBXBuildFile; fileRef = 04AE67F11DBEF4DF00F4831D /* AboutUsViewController.xib */; };
		04AE67F61DBEFC9A00F4831D /* ResetLoginPsdView.m in Sources */ = {isa = PBXBuildFile; fileRef = 04AE67F51DBEFC9A00F4831D /* ResetLoginPsdView.m */; };
		04D033151DC3037B00EBE9B7 /* DogAgeFilter.m in Sources */ = {isa = PBXBuildFile; fileRef = 04D033141DC3037B00EBE9B7 /* DogAgeFilter.m */; };
		04D033181DC31F1A00EBE9B7 /* DogPriceFilter.m in Sources */ = {isa = PBXBuildFile; fileRef = 04D033171DC31F1A00EBE9B7 /* DogPriceFilter.m */; };
		04D0331C1DC3223400EBE9B7 /* PlayerViewController.m in Sources */ = {isa = PBXBuildFile; fileRef = 04D0331A1DC3223400EBE9B7 /* PlayerViewController.m */; };
		04D033211DC35C7700EBE9B7 /* LivingCenterView.m in Sources */ = {isa = PBXBuildFile; fileRef = 04D033201DC35C7700EBE9B7 /* LivingCenterView.m */; };
		B1B4669EC9F91A78FC34A39D /* libPods-GouGou-Live.a in Frameworks */ = {isa = PBXBuildFile; fileRef = 085E23E0D1F490B4BD95B4F8 /* libPods-GouGou-Live.a */; };
/* End PBXBuildFile section */

/* Begin PBXFileReference section */
		0403DCF41DBF29D6000632CD /* SettingViewController.h */ = {isa = PBXFileReference; fileEncoding = 4; lastKnownFileType = sourcecode.c.h; path = SettingViewController.h; sourceTree = "<group>"; };
		0403DCF51DBF29D6000632CD /* SettingViewController.m */ = {isa = PBXFileReference; fileEncoding = 4; lastKnownFileType = sourcecode.c.objc; path = SettingViewController.m; sourceTree = "<group>"; };
		0403DCF61DBF29D6000632CD /* SettingViewController.xib */ = {isa = PBXFileReference; fileEncoding = 4; lastKnownFileType = file.xib; path = SettingViewController.xib; sourceTree = "<group>"; };
		0403DCF91DBF2AFC000632CD /* SecurityAccountViewController.h */ = {isa = PBXFileReference; fileEncoding = 4; lastKnownFileType = sourcecode.c.h; path = SecurityAccountViewController.h; sourceTree = "<group>"; };
		0403DCFA1DBF2AFC000632CD /* SecurityAccountViewController.m */ = {isa = PBXFileReference; fileEncoding = 4; lastKnownFileType = sourcecode.c.objc; path = SecurityAccountViewController.m; sourceTree = "<group>"; };
		0403DCFB1DBF2AFC000632CD /* SecurityAccountViewController.xib */ = {isa = PBXFileReference; fileEncoding = 4; lastKnownFileType = file.xib; path = SecurityAccountViewController.xib; sourceTree = "<group>"; };
		0403DCFE1DBF2B65000632CD /* MessagePushViewController.h */ = {isa = PBXFileReference; fileEncoding = 4; lastKnownFileType = sourcecode.c.h; path = MessagePushViewController.h; sourceTree = "<group>"; };
		0403DCFF1DBF2B65000632CD /* MessagePushViewController.m */ = {isa = PBXFileReference; fileEncoding = 4; lastKnownFileType = sourcecode.c.objc; path = MessagePushViewController.m; sourceTree = "<group>"; };
		0403DD001DBF2B65000632CD /* MessagePushViewController.xib */ = {isa = PBXFileReference; fileEncoding = 4; lastKnownFileType = file.xib; path = MessagePushViewController.xib; sourceTree = "<group>"; };
		0403DD031DBF2BB6000632CD /* RemoveCookieViewController.h */ = {isa = PBXFileReference; fileEncoding = 4; lastKnownFileType = sourcecode.c.h; path = RemoveCookieViewController.h; sourceTree = "<group>"; };
		0403DD041DBF2BB6000632CD /* RemoveCookieViewController.m */ = {isa = PBXFileReference; fileEncoding = 4; lastKnownFileType = sourcecode.c.objc; path = RemoveCookieViewController.m; sourceTree = "<group>"; };
		0403DD051DBF2BB6000632CD /* RemoveCookieViewController.xib */ = {isa = PBXFileReference; fileEncoding = 4; lastKnownFileType = file.xib; path = RemoveCookieViewController.xib; sourceTree = "<group>"; };
		0403DD0B1DBF3586000632CD /* MyHeaderView.h */ = {isa = PBXFileReference; fileEncoding = 4; lastKnownFileType = sourcecode.c.h; path = MyHeaderView.h; sourceTree = "<group>"; };
		0403DD0C1DBF3586000632CD /* MyHeaderView.m */ = {isa = PBXFileReference; fileEncoding = 4; lastKnownFileType = sourcecode.c.objc; path = MyHeaderView.m; sourceTree = "<group>"; };
		040FE9EE1DC9B608001225BF /* PromptView.h */ = {isa = PBXFileReference; fileEncoding = 4; lastKnownFileType = sourcecode.c.h; path = PromptView.h; sourceTree = "<group>"; };
		040FE9EF1DC9B608001225BF /* PromptView.m */ = {isa = PBXFileReference; fileEncoding = 4; lastKnownFileType = sourcecode.c.objc; path = PromptView.m; sourceTree = "<group>"; };
		040FE9F11DC9DE18001225BF /* PresentWaitingViewController.h */ = {isa = PBXFileReference; fileEncoding = 4; lastKnownFileType = sourcecode.c.h; path = PresentWaitingViewController.h; sourceTree = "<group>"; };
		040FE9F21DC9DE18001225BF /* PresentWaitingViewController.m */ = {isa = PBXFileReference; fileEncoding = 4; lastKnownFileType = sourcecode.c.objc; path = PresentWaitingViewController.m; sourceTree = "<group>"; };
		040FE9F31DC9DE18001225BF /* PresentWaitingViewController.xib */ = {isa = PBXFileReference; fileEncoding = 4; lastKnownFileType = file.xib; path = PresentWaitingViewController.xib; sourceTree = "<group>"; };
		042F19B81DC1A0FC0079E8BC /* DogPictureCollectionViewCell.h */ = {isa = PBXFileReference; fileEncoding = 4; lastKnownFileType = sourcecode.c.h; path = DogPictureCollectionViewCell.h; sourceTree = "<group>"; };
		042F19B91DC1A0FC0079E8BC /* DogPictureCollectionViewCell.m */ = {isa = PBXFileReference; fileEncoding = 4; lastKnownFileType = sourcecode.c.objc; path = DogPictureCollectionViewCell.m; sourceTree = "<group>"; };
		042F19BB1DC1CF950079E8BC /* DogTypesView.h */ = {isa = PBXFileReference; fileEncoding = 4; lastKnownFileType = sourcecode.c.h; path = DogTypesView.h; sourceTree = "<group>"; };
		042F19BC1DC1CF950079E8BC /* DogTypesView.m */ = {isa = PBXFileReference; fileEncoding = 4; lastKnownFileType = sourcecode.c.objc; path = DogTypesView.m; sourceTree = "<group>"; };
		044169EF1DC3BBD000B537E4 /* TalkingViewController.h */ = {isa = PBXFileReference; fileEncoding = 4; lastKnownFileType = sourcecode.c.h; path = TalkingViewController.h; sourceTree = "<group>"; };
		044169F01DC3BBD000B537E4 /* TalkingViewController.m */ = {isa = PBXFileReference; fileEncoding = 4; lastKnownFileType = sourcecode.c.objc; path = TalkingViewController.m; sourceTree = "<group>"; };
		044169F61DC3BC2800B537E4 /* ServiceViewController.h */ = {isa = PBXFileReference; fileEncoding = 4; lastKnownFileType = sourcecode.c.h; path = ServiceViewController.h; sourceTree = "<group>"; };
		044169F71DC3BC2800B537E4 /* ServiceViewController.m */ = {isa = PBXFileReference; fileEncoding = 4; lastKnownFileType = sourcecode.c.objc; path = ServiceViewController.m; sourceTree = "<group>"; };
		044169F91DC3BC3F00B537E4 /* SellerShowViewController.h */ = {isa = PBXFileReference; fileEncoding = 4; lastKnownFileType = sourcecode.c.h; path = SellerShowViewController.h; sourceTree = "<group>"; };
		044169FA1DC3BC3F00B537E4 /* SellerShowViewController.m */ = {isa = PBXFileReference; fileEncoding = 4; lastKnownFileType = sourcecode.c.objc; path = SellerShowViewController.m; sourceTree = "<group>"; };
		044169FE1DC3BC7C00B537E4 /* DogShowViewController.h */ = {isa = PBXFileReference; fileEncoding = 4; lastKnownFileType = sourcecode.c.h; path = DogShowViewController.h; sourceTree = "<group>"; };
		044169FF1DC3BC7C00B537E4 /* DogShowViewController.m */ = {isa = PBXFileReference; fileEncoding = 4; lastKnownFileType = sourcecode.c.objc; path = DogShowViewController.m; sourceTree = "<group>"; };
		044917FB1DC6EB9200541195 /* ShareAlertView.h */ = {isa = PBXFileReference; fileEncoding = 4; lastKnownFileType = sourcecode.c.h; path = ShareAlertView.h; sourceTree = "<group>"; };
		044917FC1DC6EB9200541195 /* ShareAlertView.m */ = {isa = PBXFileReference; fileEncoding = 4; lastKnownFileType = sourcecode.c.objc; path = ShareAlertView.m; sourceTree = "<group>"; };
		044917FE1DC6EBE000541195 /* ShareBtn.h */ = {isa = PBXFileReference; fileEncoding = 4; lastKnownFileType = sourcecode.c.h; path = ShareBtn.h; sourceTree = "<group>"; };
		044917FF1DC6EBE000541195 /* ShareBtn.m */ = {isa = PBXFileReference; fileEncoding = 4; lastKnownFileType = sourcecode.c.objc; path = ShareBtn.m; sourceTree = "<group>"; };
		044918011DC6ECA200541195 /* ShareBtnModel.h */ = {isa = PBXFileReference; fileEncoding = 4; lastKnownFileType = sourcecode.c.h; path = ShareBtnModel.h; sourceTree = "<group>"; };
		044918021DC6ECA200541195 /* ShareBtnModel.m */ = {isa = PBXFileReference; fileEncoding = 4; lastKnownFileType = sourcecode.c.objc; path = ShareBtnModel.m; sourceTree = "<group>"; };
		044918081DC70EF800541195 /* DogShowMessageCell.h */ = {isa = PBXFileReference; fileEncoding = 4; lastKnownFileType = sourcecode.c.h; path = DogShowMessageCell.h; sourceTree = "<group>"; };
		044918091DC70EF800541195 /* DogShowMessageCell.m */ = {isa = PBXFileReference; fileEncoding = 4; lastKnownFileType = sourcecode.c.objc; path = DogShowMessageCell.m; sourceTree = "<group>"; };
		0449180D1DC72F6F00541195 /* DogImageView.h */ = {isa = PBXFileReference; fileEncoding = 4; lastKnownFileType = sourcecode.c.h; path = DogImageView.h; sourceTree = "<group>"; };
		0449180E1DC72F6F00541195 /* DogImageView.m */ = {isa = PBXFileReference; fileEncoding = 4; lastKnownFileType = sourcecode.c.objc; path = DogImageView.m; sourceTree = "<group>"; };
		044918101DC74CCA00541195 /* DogMarkView.h */ = {isa = PBXFileReference; fileEncoding = 4; lastKnownFileType = sourcecode.c.h; path = DogMarkView.h; sourceTree = "<group>"; };
		044918111DC74CCA00541195 /* DogMarkView.m */ = {isa = PBXFileReference; fileEncoding = 4; lastKnownFileType = sourcecode.c.objc; path = DogMarkView.m; sourceTree = "<group>"; };
		0457B9FD1DC06B28009A0B79 /* NSString+CheckString.h */ = {isa = PBXFileReference; fileEncoding = 4; lastKnownFileType = sourcecode.c.h; path = "NSString+CheckString.h"; sourceTree = "<group>"; };
		0457B9FE1DC06B28009A0B79 /* NSString+CheckString.m */ = {isa = PBXFileReference; fileEncoding = 4; lastKnownFileType = sourcecode.c.objc; path = "NSString+CheckString.m"; sourceTree = "<group>"; };
		0457BA001DC07B66009A0B79 /* UIColor+HexString.h */ = {isa = PBXFileReference; fileEncoding = 4; lastKnownFileType = sourcecode.c.h; path = "UIColor+HexString.h"; sourceTree = "<group>"; };
		0457BA011DC07B66009A0B79 /* UIColor+HexString.m */ = {isa = PBXFileReference; fileEncoding = 4; lastKnownFileType = sourcecode.c.objc; path = "UIColor+HexString.m"; sourceTree = "<group>"; };
		046657B31DC0D43000784687 /* SurePsdSuccessViewController.h */ = {isa = PBXFileReference; fileEncoding = 4; lastKnownFileType = sourcecode.c.h; path = SurePsdSuccessViewController.h; sourceTree = "<group>"; };
		046657B41DC0D43000784687 /* SurePsdSuccessViewController.m */ = {isa = PBXFileReference; fileEncoding = 4; lastKnownFileType = sourcecode.c.objc; path = SurePsdSuccessViewController.m; sourceTree = "<group>"; };
		046657B51DC0D43000784687 /* SurePsdSuccessViewController.xib */ = {isa = PBXFileReference; fileEncoding = 4; lastKnownFileType = file.xib; path = SurePsdSuccessViewController.xib; sourceTree = "<group>"; };
		0467ACE41DBDEF2200562CC4 /* GouGou-Live.app */ = {isa = PBXFileReference; explicitFileType = wrapper.application; includeInIndex = 0; path = "GouGou-Live.app"; sourceTree = BUILT_PRODUCTS_DIR; };
		0467ACF11DBDEF2200562CC4 /* Base */ = {isa = PBXFileReference; lastKnownFileType = file.storyboard; name = Base; path = Base.lproj/Main.storyboard; sourceTree = "<group>"; };
		0467ACF31DBDEF2200562CC4 /* Assets.xcassets */ = {isa = PBXFileReference; lastKnownFileType = folder.assetcatalog; path = Assets.xcassets; sourceTree = "<group>"; };
		0467ACF61DBDEF2200562CC4 /* Base */ = {isa = PBXFileReference; lastKnownFileType = file.storyboard; name = Base; path = Base.lproj/LaunchScreen.storyboard; sourceTree = "<group>"; };
		0467AD011DBDF0B300562CC4 /* FocusViewController.h */ = {isa = PBXFileReference; fileEncoding = 4; lastKnownFileType = sourcecode.c.h; path = FocusViewController.h; sourceTree = "<group>"; };
		0467AD021DBDF0B300562CC4 /* FocusViewController.m */ = {isa = PBXFileReference; fileEncoding = 4; lastKnownFileType = sourcecode.c.objc; path = FocusViewController.m; sourceTree = "<group>"; };
		0467AD031DBDF0B300562CC4 /* HostViewController.h */ = {isa = PBXFileReference; fileEncoding = 4; lastKnownFileType = sourcecode.c.h; path = HostViewController.h; sourceTree = "<group>"; };
		0467AD041DBDF0B300562CC4 /* HostViewController.m */ = {isa = PBXFileReference; fileEncoding = 4; lastKnownFileType = sourcecode.c.objc; path = HostViewController.m; sourceTree = "<group>"; };
		0467AD051DBDF0B300562CC4 /* LiveViewController.h */ = {isa = PBXFileReference; fileEncoding = 4; lastKnownFileType = sourcecode.c.h; path = LiveViewController.h; sourceTree = "<group>"; };
		0467AD061DBDF0B300562CC4 /* LiveViewController.m */ = {isa = PBXFileReference; fileEncoding = 4; lastKnownFileType = sourcecode.c.objc; path = LiveViewController.m; sourceTree = "<group>"; };
		0467AD071DBDF0B300562CC4 /* LiveViewController.xib */ = {isa = PBXFileReference; fileEncoding = 4; lastKnownFileType = file.xib; path = LiveViewController.xib; sourceTree = "<group>"; };
		0467AD081DBDF0B300562CC4 /* RecommendViewController.h */ = {isa = PBXFileReference; fileEncoding = 4; lastKnownFileType = sourcecode.c.h; path = RecommendViewController.h; sourceTree = "<group>"; };
		0467AD091DBDF0B300562CC4 /* RecommendViewController.m */ = {isa = PBXFileReference; fileEncoding = 4; lastKnownFileType = sourcecode.c.objc; path = RecommendViewController.m; sourceTree = "<group>"; };
		0467AD0A1DBDF0B300562CC4 /* SearchViewController.h */ = {isa = PBXFileReference; fileEncoding = 4; lastKnownFileType = sourcecode.c.h; path = SearchViewController.h; sourceTree = "<group>"; };
		0467AD0B1DBDF0B300562CC4 /* SearchViewController.m */ = {isa = PBXFileReference; fileEncoding = 4; lastKnownFileType = sourcecode.c.objc; path = SearchViewController.m; sourceTree = "<group>"; };
		0467AD101DBDF0B300562CC4 /* LiveTopView.h */ = {isa = PBXFileReference; fileEncoding = 4; lastKnownFileType = sourcecode.c.h; path = LiveTopView.h; sourceTree = "<group>"; };
		0467AD111DBDF0B300562CC4 /* LiveTopView.m */ = {isa = PBXFileReference; fileEncoding = 4; lastKnownFileType = sourcecode.c.objc; path = LiveTopView.m; sourceTree = "<group>"; };
		0467AD141DBDF0B300562CC4 /* ForgetPsdViewController.h */ = {isa = PBXFileReference; fileEncoding = 4; lastKnownFileType = sourcecode.c.h; path = ForgetPsdViewController.h; sourceTree = "<group>"; };
		0467AD151DBDF0B300562CC4 /* ForgetPsdViewController.m */ = {isa = PBXFileReference; fileEncoding = 4; lastKnownFileType = sourcecode.c.objc; path = ForgetPsdViewController.m; sourceTree = "<group>"; };
		0467AD161DBDF0B300562CC4 /* ForgetPsdViewController.xib */ = {isa = PBXFileReference; fileEncoding = 4; lastKnownFileType = file.xib; path = ForgetPsdViewController.xib; sourceTree = "<group>"; };
		0467AD171DBDF0B300562CC4 /* LoginViewController.h */ = {isa = PBXFileReference; fileEncoding = 4; lastKnownFileType = sourcecode.c.h; path = LoginViewController.h; sourceTree = "<group>"; };
		0467AD181DBDF0B300562CC4 /* LoginViewController.m */ = {isa = PBXFileReference; fileEncoding = 4; lastKnownFileType = sourcecode.c.objc; path = LoginViewController.m; sourceTree = "<group>"; };
		0467AD191DBDF0B300562CC4 /* LoginViewController.xib */ = {isa = PBXFileReference; fileEncoding = 4; lastKnownFileType = file.xib; path = LoginViewController.xib; sourceTree = "<group>"; };
		0467AD1A1DBDF0B300562CC4 /* RegisteViewController.h */ = {isa = PBXFileReference; fileEncoding = 4; lastKnownFileType = sourcecode.c.h; path = RegisteViewController.h; sourceTree = "<group>"; };
		0467AD1B1DBDF0B300562CC4 /* RegisteViewController.m */ = {isa = PBXFileReference; fileEncoding = 4; lastKnownFileType = sourcecode.c.objc; path = RegisteViewController.m; sourceTree = "<group>"; };
		0467AD1C1DBDF0B300562CC4 /* RegisteViewController.xib */ = {isa = PBXFileReference; fileEncoding = 4; lastKnownFileType = file.xib; path = RegisteViewController.xib; sourceTree = "<group>"; };
		0467AD221DBDF0B300562CC4 /* MyViewController.h */ = {isa = PBXFileReference; fileEncoding = 4; lastKnownFileType = sourcecode.c.h; path = MyViewController.h; sourceTree = "<group>"; };
		0467AD231DBDF0B300562CC4 /* MyViewController.m */ = {isa = PBXFileReference; fileEncoding = 4; lastKnownFileType = sourcecode.c.objc; path = MyViewController.m; sourceTree = "<group>"; };
		0467AD241DBDF0B300562CC4 /* MyViewController.xib */ = {isa = PBXFileReference; fileEncoding = 4; lastKnownFileType = file.xib; path = MyViewController.xib; sourceTree = "<group>"; };
		0467AD2A1DBDF0B300562CC4 /* MessageViewController.h */ = {isa = PBXFileReference; fileEncoding = 4; lastKnownFileType = sourcecode.c.h; path = MessageViewController.h; sourceTree = "<group>"; };
		0467AD2B1DBDF0B300562CC4 /* MessageViewController.m */ = {isa = PBXFileReference; fileEncoding = 4; lastKnownFileType = sourcecode.c.objc; path = MessageViewController.m; sourceTree = "<group>"; };
		0467AD301DBDF0B300562CC4 /* AppDelegate.h */ = {isa = PBXFileReference; fileEncoding = 4; lastKnownFileType = sourcecode.c.h; path = AppDelegate.h; sourceTree = "<group>"; };
		0467AD311DBDF0B300562CC4 /* AppDelegate.m */ = {isa = PBXFileReference; fileEncoding = 4; lastKnownFileType = sourcecode.c.objc; path = AppDelegate.m; sourceTree = "<group>"; };
		0467AD321DBDF0B300562CC4 /* Info.plist */ = {isa = PBXFileReference; fileEncoding = 4; lastKnownFileType = text.plist.xml; path = Info.plist; sourceTree = "<group>"; };
		0467AD331DBDF0B300562CC4 /* main.m */ = {isa = PBXFileReference; fileEncoding = 4; lastKnownFileType = sourcecode.c.objc; path = main.m; sourceTree = "<group>"; };
		0467AD341DBDF0B300562CC4 /* ViewController.h */ = {isa = PBXFileReference; fileEncoding = 4; lastKnownFileType = sourcecode.c.h; path = ViewController.h; sourceTree = "<group>"; };
		0467AD351DBDF0B300562CC4 /* ViewController.m */ = {isa = PBXFileReference; fileEncoding = 4; lastKnownFileType = sourcecode.c.objc; path = ViewController.m; sourceTree = "<group>"; };
		0467AD501DBDF6C500562CC4 /* PrefixHeader.pch */ = {isa = PBXFileReference; lastKnownFileType = sourcecode.c.h; path = PrefixHeader.pch; sourceTree = "<group>"; };
		0467AD511DBDFFBA00562CC4 /* SurePsdViewController.h */ = {isa = PBXFileReference; fileEncoding = 4; lastKnownFileType = sourcecode.c.h; path = SurePsdViewController.h; sourceTree = "<group>"; };
		0467AD521DBDFFBA00562CC4 /* SurePsdViewController.m */ = {isa = PBXFileReference; fileEncoding = 4; lastKnownFileType = sourcecode.c.objc; path = SurePsdViewController.m; sourceTree = "<group>"; };
		0467AD531DBDFFBA00562CC4 /* SurePsdViewController.xib */ = {isa = PBXFileReference; fileEncoding = 4; lastKnownFileType = file.xib; path = SurePsdViewController.xib; sourceTree = "<group>"; };
		0469D3831DC0404800CEF8E6 /* BaseTabBarController.h */ = {isa = PBXFileReference; fileEncoding = 4; lastKnownFileType = sourcecode.c.h; path = BaseTabBarController.h; sourceTree = "<group>"; };
		0469D3841DC0404800CEF8E6 /* BaseTabBarController.m */ = {isa = PBXFileReference; fileEncoding = 4; lastKnownFileType = sourcecode.c.objc; path = BaseTabBarController.m; sourceTree = "<group>"; };
		0469D3861DC0406300CEF8E6 /* BaseNavigationController.h */ = {isa = PBXFileReference; fileEncoding = 4; lastKnownFileType = sourcecode.c.h; path = BaseNavigationController.h; sourceTree = "<group>"; };
		0469D3871DC0406300CEF8E6 /* BaseNavigationController.m */ = {isa = PBXFileReference; fileEncoding = 4; lastKnownFileType = sourcecode.c.objc; path = BaseNavigationController.m; sourceTree = "<group>"; };
		0469D3891DC040AA00CEF8E6 /* HTTPTool.h */ = {isa = PBXFileReference; fileEncoding = 4; lastKnownFileType = sourcecode.c.h; path = HTTPTool.h; sourceTree = "<group>"; };
		0469D38A1DC040AA00CEF8E6 /* HTTPTool.m */ = {isa = PBXFileReference; fileEncoding = 4; lastKnownFileType = sourcecode.c.objc; path = HTTPTool.m; sourceTree = "<group>"; };
		0469D38C1DC041D000CEF8E6 /* BaseViewController.h */ = {isa = PBXFileReference; fileEncoding = 4; lastKnownFileType = sourcecode.c.h; path = BaseViewController.h; sourceTree = "<group>"; };
		0469D38D1DC041D000CEF8E6 /* BaseViewController.m */ = {isa = PBXFileReference; fileEncoding = 4; lastKnownFileType = sourcecode.c.objc; path = BaseViewController.m; sourceTree = "<group>"; };
		0469D38F1DC0451700CEF8E6 /* APIConfig.h */ = {isa = PBXFileReference; fileEncoding = 4; lastKnownFileType = sourcecode.c.h; path = APIConfig.h; sourceTree = "<group>"; };
		046BC2B21DC24C0D00B5DD52 /* MoreImpressViewController.h */ = {isa = PBXFileReference; fileEncoding = 4; lastKnownFileType = sourcecode.c.h; path = MoreImpressViewController.h; sourceTree = "<group>"; };
		046BC2B31DC24C0D00B5DD52 /* MoreImpressViewController.m */ = {isa = PBXFileReference; fileEncoding = 4; lastKnownFileType = sourcecode.c.objc; path = MoreImpressViewController.m; sourceTree = "<group>"; };
		046BC2B71DC2E71200B5DD52 /* DogCardView.h */ = {isa = PBXFileReference; fileEncoding = 4; lastKnownFileType = sourcecode.c.h; path = DogCardView.h; sourceTree = "<group>"; };
		046BC2B81DC2E71200B5DD52 /* DogCardView.m */ = {isa = PBXFileReference; fileEncoding = 4; lastKnownFileType = sourcecode.c.objc; path = DogCardView.m; sourceTree = "<group>"; };
		046BC2BA1DC2E71200B5DD52 /* DogSizeFilter.h */ = {isa = PBXFileReference; fileEncoding = 4; lastKnownFileType = sourcecode.c.h; path = DogSizeFilter.h; sourceTree = "<group>"; };
		046BC2BB1DC2E71200B5DD52 /* DogSizeFilter.m */ = {isa = PBXFileReference; fileEncoding = 4; lastKnownFileType = sourcecode.c.objc; path = DogSizeFilter.m; sourceTree = "<group>"; };
		046BC2BC1DC2E71200B5DD52 /* FilteButton.h */ = {isa = PBXFileReference; fileEncoding = 4; lastKnownFileType = sourcecode.c.h; path = FilteButton.h; sourceTree = "<group>"; };
		046BC2BD1DC2E71200B5DD52 /* FilteButton.m */ = {isa = PBXFileReference; fileEncoding = 4; lastKnownFileType = sourcecode.c.objc; path = FilteButton.m; sourceTree = "<group>"; };
		046BC2BE1DC2E71200B5DD52 /* LiveFilteView.h */ = {isa = PBXFileReference; fileEncoding = 4; lastKnownFileType = sourcecode.c.h; path = LiveFilteView.h; sourceTree = "<group>"; };
		046BC2BF1DC2E71200B5DD52 /* LiveFilteView.m */ = {isa = PBXFileReference; fileEncoding = 4; lastKnownFileType = sourcecode.c.objc; path = LiveFilteView.m; sourceTree = "<group>"; };
		046BC2C01DC2E71200B5DD52 /* LiveTableView.h */ = {isa = PBXFileReference; fileEncoding = 4; lastKnownFileType = sourcecode.c.h; path = LiveTableView.h; sourceTree = "<group>"; };
		046BC2C11DC2E71200B5DD52 /* LiveTableView.m */ = {isa = PBXFileReference; fileEncoding = 4; lastKnownFileType = sourcecode.c.objc; path = LiveTableView.m; sourceTree = "<group>"; };
		046BC2C21DC2E71200B5DD52 /* LiveViewCell.h */ = {isa = PBXFileReference; fileEncoding = 4; lastKnownFileType = sourcecode.c.h; path = LiveViewCell.h; sourceTree = "<group>"; };
		046BC2C31DC2E71200B5DD52 /* LiveViewCell.m */ = {isa = PBXFileReference; fileEncoding = 4; lastKnownFileType = sourcecode.c.objc; path = LiveViewCell.m; sourceTree = "<group>"; };
		046BC2C41DC2E71200B5DD52 /* LiveViewCell.xib */ = {isa = PBXFileReference; fileEncoding = 4; lastKnownFileType = file.xib; path = LiveViewCell.xib; sourceTree = "<group>"; };
		046BC2C51DC2E71200B5DD52 /* NoneFocusView.h */ = {isa = PBXFileReference; fileEncoding = 4; lastKnownFileType = sourcecode.c.h; path = NoneFocusView.h; sourceTree = "<group>"; };
		046BC2C61DC2E71200B5DD52 /* NoneFocusView.m */ = {isa = PBXFileReference; fileEncoding = 4; lastKnownFileType = sourcecode.c.objc; path = NoneFocusView.m; sourceTree = "<group>"; };
		046BC2D01DC2E72500B5DD52 /* LivingViewController.h */ = {isa = PBXFileReference; fileEncoding = 4; lastKnownFileType = sourcecode.c.h; path = LivingViewController.h; sourceTree = "<group>"; };
		046BC2D11DC2E72500B5DD52 /* LivingViewController.m */ = {isa = PBXFileReference; fileEncoding = 4; lastKnownFileType = sourcecode.c.objc; path = LivingViewController.m; sourceTree = "<group>"; };
		046BC2D51DC2E73700B5DD52 /* LiveViewCellModel.h */ = {isa = PBXFileReference; fileEncoding = 4; lastKnownFileType = sourcecode.c.h; path = LiveViewCellModel.h; sourceTree = "<group>"; };
		046BC2D61DC2E73700B5DD52 /* LiveViewCellModel.m */ = {isa = PBXFileReference; fileEncoding = 4; lastKnownFileType = sourcecode.c.objc; path = LiveViewCellModel.m; sourceTree = "<group>"; };
		046BC2E31DC2EEDE00B5DD52 /* DogTypeCellModel.h */ = {isa = PBXFileReference; fileEncoding = 4; lastKnownFileType = sourcecode.c.h; path = DogTypeCellModel.h; sourceTree = "<group>"; };
		046BC2E41DC2EEDE00B5DD52 /* DogTypeCellModel.m */ = {isa = PBXFileReference; fileEncoding = 4; lastKnownFileType = sourcecode.c.objc; path = DogTypeCellModel.m; sourceTree = "<group>"; };
		0498A08E1DC83AB800727A6A /* MoreImpressViewCell.h */ = {isa = PBXFileReference; fileEncoding = 4; lastKnownFileType = sourcecode.c.h; path = MoreImpressViewCell.h; sourceTree = "<group>"; };
		0498A08F1DC83AB800727A6A /* MoreImpressViewCell.m */ = {isa = PBXFileReference; fileEncoding = 4; lastKnownFileType = sourcecode.c.objc; path = MoreImpressViewCell.m; sourceTree = "<group>"; };
		0498A0931DC85FD000727A6A /* DetailCountViewController.h */ = {isa = PBXFileReference; fileEncoding = 4; lastKnownFileType = sourcecode.c.h; path = DetailCountViewController.h; sourceTree = "<group>"; };
		0498A0941DC85FD000727A6A /* DetailCountViewController.m */ = {isa = PBXFileReference; fileEncoding = 4; lastKnownFileType = sourcecode.c.objc; path = DetailCountViewController.m; sourceTree = "<group>"; };
		0498A0961DC8632100727A6A /* DetailCountViewCell.h */ = {isa = PBXFileReference; fileEncoding = 4; lastKnownFileType = sourcecode.c.h; path = DetailCountViewCell.h; sourceTree = "<group>"; };
		0498A0971DC8632100727A6A /* DetailCountViewCell.m */ = {isa = PBXFileReference; fileEncoding = 4; lastKnownFileType = sourcecode.c.objc; path = DetailCountViewCell.m; sourceTree = "<group>"; };
		0498A0981DC8632100727A6A /* DetailCountViewCell.xib */ = {isa = PBXFileReference; fileEncoding = 4; lastKnownFileType = file.xib; path = DetailCountViewCell.xib; sourceTree = "<group>"; };
		0498A09B1DC86D8A00727A6A /* DetailCountTopView.h */ = {isa = PBXFileReference; fileEncoding = 4; lastKnownFileType = sourcecode.c.h; path = DetailCountTopView.h; sourceTree = "<group>"; };
		0498A09C1DC86D8A00727A6A /* DetailCountTopView.m */ = {isa = PBXFileReference; fileEncoding = 4; lastKnownFileType = sourcecode.c.objc; path = DetailCountTopView.m; sourceTree = "<group>"; };
		0498A0A01DC87EEC00727A6A /* TalkingView.h */ = {isa = PBXFileReference; fileEncoding = 4; lastKnownFileType = sourcecode.c.h; path = TalkingView.h; sourceTree = "<group>"; };
		0498A0A11DC87EEC00727A6A /* TalkingView.m */ = {isa = PBXFileReference; fileEncoding = 4; lastKnownFileType = sourcecode.c.objc; path = TalkingView.m; sourceTree = "<group>"; };
		0498A0A41DC8A52000727A6A /* SellerMessageView.h */ = {isa = PBXFileReference; fileEncoding = 4; lastKnownFileType = sourcecode.c.h; path = SellerMessageView.h; sourceTree = "<group>"; };
		0498A0A51DC8A52000727A6A /* SellerMessageView.m */ = {isa = PBXFileReference; fileEncoding = 4; lastKnownFileType = sourcecode.c.objc; path = SellerMessageView.m; sourceTree = "<group>"; };
		0498A0A71DC8A83800727A6A /* StartSourceView.h */ = {isa = PBXFileReference; fileEncoding = 4; lastKnownFileType = sourcecode.c.h; path = StartSourceView.h; sourceTree = "<group>"; };
		0498A0A81DC8A83800727A6A /* StartSourceView.m */ = {isa = PBXFileReference; fileEncoding = 4; lastKnownFileType = sourcecode.c.objc; path = StartSourceView.m; sourceTree = "<group>"; };
		0498A0C61DC8D26700727A6A /* PayingViewController.h */ = {isa = PBXFileReference; fileEncoding = 4; lastKnownFileType = sourcecode.c.h; path = PayingViewController.h; sourceTree = "<group>"; };
		0498A0C71DC8D26700727A6A /* PayingViewController.m */ = {isa = PBXFileReference; fileEncoding = 4; lastKnownFileType = sourcecode.c.objc; path = PayingViewController.m; sourceTree = "<group>"; };
		0498A0C81DC8D26700727A6A /* PayingViewController.xib */ = {isa = PBXFileReference; fileEncoding = 4; lastKnownFileType = file.xib; path = PayingViewController.xib; sourceTree = "<group>"; };
		0498A0C91DC8D26700727A6A /* PresentApplicationViewController.h */ = {isa = PBXFileReference; fileEncoding = 4; lastKnownFileType = sourcecode.c.h; path = PresentApplicationViewController.h; sourceTree = "<group>"; };
		0498A0CA1DC8D26700727A6A /* PresentApplicationViewController.m */ = {isa = PBXFileReference; fileEncoding = 4; lastKnownFileType = sourcecode.c.objc; path = PresentApplicationViewController.m; sourceTree = "<group>"; };
		0498A0CB1DC8D26700727A6A /* PresentApplicationViewController.xib */ = {isa = PBXFileReference; fileEncoding = 4; lastKnownFileType = file.xib; path = PresentApplicationViewController.xib; sourceTree = "<group>"; };
		0498A0D11DC8D28400727A6A /* DogTypesViewController.h */ = {isa = PBXFileReference; fileEncoding = 4; lastKnownFileType = sourcecode.c.h; path = DogTypesViewController.h; sourceTree = "<group>"; };
		0498A0D21DC8D28400727A6A /* DogTypesViewController.m */ = {isa = PBXFileReference; fileEncoding = 4; lastKnownFileType = sourcecode.c.objc; path = DogTypesViewController.m; sourceTree = "<group>"; };
		0498A0D41DC9A39700727A6A /* PlayBackView.h */ = {isa = PBXFileReference; fileEncoding = 4; lastKnownFileType = sourcecode.c.h; path = PlayBackView.h; sourceTree = "<group>"; };
		0498A0D51DC9A39700727A6A /* PlayBackView.m */ = {isa = PBXFileReference; fileEncoding = 4; lastKnownFileType = sourcecode.c.objc; path = PlayBackView.m; sourceTree = "<group>"; };
		0498A0D71DC9A3D900727A6A /* PicturesView.h */ = {isa = PBXFileReference; fileEncoding = 4; lastKnownFileType = sourcecode.c.h; path = PicturesView.h; sourceTree = "<group>"; };
		0498A0D81DC9A3D900727A6A /* PicturesView.m */ = {isa = PBXFileReference; fileEncoding = 4; lastKnownFileType = sourcecode.c.objc; path = PicturesView.m; sourceTree = "<group>"; };
		0498A0DD1DC9BCF600727A6A /* PlayBackCard.h */ = {isa = PBXFileReference; fileEncoding = 4; lastKnownFileType = sourcecode.c.h; path = PlayBackCard.h; sourceTree = "<group>"; };
		0498A0DE1DC9BCF600727A6A /* PlayBackCard.m */ = {isa = PBXFileReference; fileEncoding = 4; lastKnownFileType = sourcecode.c.objc; path = PlayBackCard.m; sourceTree = "<group>"; };
		04AE67B41DBE21FD00F4831D /* CodeLoginViewController.h */ = {isa = PBXFileReference; fileEncoding = 4; lastKnownFileType = sourcecode.c.h; path = CodeLoginViewController.h; sourceTree = "<group>"; };
		04AE67B51DBE21FD00F4831D /* CodeLoginViewController.m */ = {isa = PBXFileReference; fileEncoding = 4; lastKnownFileType = sourcecode.c.objc; path = CodeLoginViewController.m; sourceTree = "<group>"; };
		04AE67B61DBE21FD00F4831D /* CodeLoginViewController.xib */ = {isa = PBXFileReference; fileEncoding = 4; lastKnownFileType = file.xib; path = CodeLoginViewController.xib; sourceTree = "<group>"; };
		04AE67BF1DBEEFA000F4831D /* AccountViewController.h */ = {isa = PBXFileReference; fileEncoding = 4; lastKnownFileType = sourcecode.c.h; path = AccountViewController.h; sourceTree = "<group>"; };
		04AE67C01DBEEFA000F4831D /* AccountViewController.m */ = {isa = PBXFileReference; fileEncoding = 4; lastKnownFileType = sourcecode.c.objc; path = AccountViewController.m; sourceTree = "<group>"; };
		04AE67C41DBEEFD000F4831D /* ShopAddressViewController.h */ = {isa = PBXFileReference; fileEncoding = 4; lastKnownFileType = sourcecode.c.h; path = ShopAddressViewController.h; sourceTree = "<group>"; };
		04AE67C51DBEEFD000F4831D /* ShopAddressViewController.m */ = {isa = PBXFileReference; fileEncoding = 4; lastKnownFileType = sourcecode.c.objc; path = ShopAddressViewController.m; sourceTree = "<group>"; };
		04AE67C61DBEEFD000F4831D /* ShopAddressViewController.xib */ = {isa = PBXFileReference; fileEncoding = 4; lastKnownFileType = file.xib; path = ShopAddressViewController.xib; sourceTree = "<group>"; };
		04AE67C91DBEEFFC00F4831D /* OrderGoodsViewController.h */ = {isa = PBXFileReference; fileEncoding = 4; lastKnownFileType = sourcecode.c.h; path = OrderGoodsViewController.h; sourceTree = "<group>"; };
		04AE67CA1DBEEFFC00F4831D /* OrderGoodsViewController.m */ = {isa = PBXFileReference; fileEncoding = 4; lastKnownFileType = sourcecode.c.objc; path = OrderGoodsViewController.m; sourceTree = "<group>"; };
		04AE67CB1DBEEFFC00F4831D /* OrderGoodsViewController.xib */ = {isa = PBXFileReference; fileEncoding = 4; lastKnownFileType = file.xib; path = OrderGoodsViewController.xib; sourceTree = "<group>"; };
		04AE67CF1DBEF02D00F4831D /* FavoriteViewController.h */ = {isa = PBXFileReference; fileEncoding = 4; lastKnownFileType = sourcecode.c.h; path = FavoriteViewController.h; sourceTree = "<group>"; };
		04AE67D01DBEF02D00F4831D /* FavoriteViewController.m */ = {isa = PBXFileReference; fileEncoding = 4; lastKnownFileType = sourcecode.c.objc; path = FavoriteViewController.m; sourceTree = "<group>"; };
		04AE67D11DBEF02D00F4831D /* FavoriteViewController.xib */ = {isa = PBXFileReference; fileEncoding = 4; lastKnownFileType = file.xib; path = FavoriteViewController.xib; sourceTree = "<group>"; };
		04AE67D41DBEF04500F4831D /* WatchHistoryViewController.h */ = {isa = PBXFileReference; fileEncoding = 4; lastKnownFileType = sourcecode.c.h; path = WatchHistoryViewController.h; sourceTree = "<group>"; };
		04AE67D51DBEF04500F4831D /* WatchHistoryViewController.m */ = {isa = PBXFileReference; fileEncoding = 4; lastKnownFileType = sourcecode.c.objc; path = WatchHistoryViewController.m; sourceTree = "<group>"; };
		04AE67D61DBEF04500F4831D /* WatchHistoryViewController.xib */ = {isa = PBXFileReference; fileEncoding = 4; lastKnownFileType = file.xib; path = WatchHistoryViewController.xib; sourceTree = "<group>"; };
		04AE67DF1DBEF0DE00F4831D /* CertificateViewController.h */ = {isa = PBXFileReference; fileEncoding = 4; lastKnownFileType = sourcecode.c.h; path = CertificateViewController.h; sourceTree = "<group>"; };
		04AE67E01DBEF0DE00F4831D /* CertificateViewController.m */ = {isa = PBXFileReference; fileEncoding = 4; lastKnownFileType = sourcecode.c.objc; path = CertificateViewController.m; sourceTree = "<group>"; };
		04AE67E11DBEF0DE00F4831D /* CertificateViewController.xib */ = {isa = PBXFileReference; fileEncoding = 4; lastKnownFileType = file.xib; path = CertificateViewController.xib; sourceTree = "<group>"; };
		04AE67E41DBEF10900F4831D /* MerchantViewController.h */ = {isa = PBXFileReference; fileEncoding = 4; lastKnownFileType = sourcecode.c.h; path = MerchantViewController.h; sourceTree = "<group>"; };
		04AE67E51DBEF10900F4831D /* MerchantViewController.m */ = {isa = PBXFileReference; fileEncoding = 4; lastKnownFileType = sourcecode.c.objc; path = MerchantViewController.m; sourceTree = "<group>"; };
		04AE67E61DBEF10900F4831D /* MerchantViewController.xib */ = {isa = PBXFileReference; fileEncoding = 4; lastKnownFileType = file.xib; path = MerchantViewController.xib; sourceTree = "<group>"; };
		04AE67EA1DBEF4CA00F4831D /* SuggestViewController.h */ = {isa = PBXFileReference; fileEncoding = 4; lastKnownFileType = sourcecode.c.h; path = SuggestViewController.h; sourceTree = "<group>"; };
		04AE67EB1DBEF4CA00F4831D /* SuggestViewController.m */ = {isa = PBXFileReference; fileEncoding = 4; lastKnownFileType = sourcecode.c.objc; path = SuggestViewController.m; sourceTree = "<group>"; };
		04AE67EC1DBEF4CA00F4831D /* SuggestViewController.xib */ = {isa = PBXFileReference; fileEncoding = 4; lastKnownFileType = file.xib; path = SuggestViewController.xib; sourceTree = "<group>"; };
		04AE67EF1DBEF4DF00F4831D /* AboutUsViewController.h */ = {isa = PBXFileReference; fileEncoding = 4; lastKnownFileType = sourcecode.c.h; path = AboutUsViewController.h; sourceTree = "<group>"; };
		04AE67F01DBEF4DF00F4831D /* AboutUsViewController.m */ = {isa = PBXFileReference; fileEncoding = 4; lastKnownFileType = sourcecode.c.objc; path = AboutUsViewController.m; sourceTree = "<group>"; };
		04AE67F11DBEF4DF00F4831D /* AboutUsViewController.xib */ = {isa = PBXFileReference; fileEncoding = 4; lastKnownFileType = file.xib; path = AboutUsViewController.xib; sourceTree = "<group>"; };
		04AE67F41DBEFC9A00F4831D /* ResetLoginPsdView.h */ = {isa = PBXFileReference; fileEncoding = 4; lastKnownFileType = sourcecode.c.h; path = ResetLoginPsdView.h; sourceTree = "<group>"; };
		04AE67F51DBEFC9A00F4831D /* ResetLoginPsdView.m */ = {isa = PBXFileReference; fileEncoding = 4; lastKnownFileType = sourcecode.c.objc; path = ResetLoginPsdView.m; sourceTree = "<group>"; };
		04D033131DC3037B00EBE9B7 /* DogAgeFilter.h */ = {isa = PBXFileReference; fileEncoding = 4; lastKnownFileType = sourcecode.c.h; path = DogAgeFilter.h; sourceTree = "<group>"; };
		04D033141DC3037B00EBE9B7 /* DogAgeFilter.m */ = {isa = PBXFileReference; fileEncoding = 4; lastKnownFileType = sourcecode.c.objc; path = DogAgeFilter.m; sourceTree = "<group>"; };
		04D033161DC31F1A00EBE9B7 /* DogPriceFilter.h */ = {isa = PBXFileReference; fileEncoding = 4; lastKnownFileType = sourcecode.c.h; path = DogPriceFilter.h; sourceTree = "<group>"; };
		04D033171DC31F1A00EBE9B7 /* DogPriceFilter.m */ = {isa = PBXFileReference; fileEncoding = 4; lastKnownFileType = sourcecode.c.objc; path = DogPriceFilter.m; sourceTree = "<group>"; };
		04D033191DC3223400EBE9B7 /* PlayerViewController.h */ = {isa = PBXFileReference; fileEncoding = 4; lastKnownFileType = sourcecode.c.h; path = PlayerViewController.h; sourceTree = "<group>"; };
		04D0331A1DC3223400EBE9B7 /* PlayerViewController.m */ = {isa = PBXFileReference; fileEncoding = 4; lastKnownFileType = sourcecode.c.objc; path = PlayerViewController.m; sourceTree = "<group>"; };
		04D0331F1DC35C7700EBE9B7 /* LivingCenterView.h */ = {isa = PBXFileReference; fileEncoding = 4; lastKnownFileType = sourcecode.c.h; path = LivingCenterView.h; sourceTree = "<group>"; };
		04D033201DC35C7700EBE9B7 /* LivingCenterView.m */ = {isa = PBXFileReference; fileEncoding = 4; lastKnownFileType = sourcecode.c.objc; path = LivingCenterView.m; sourceTree = "<group>"; };
		085E23E0D1F490B4BD95B4F8 /* libPods-GouGou-Live.a */ = {isa = PBXFileReference; explicitFileType = archive.ar; includeInIndex = 0; path = "libPods-GouGou-Live.a"; sourceTree = BUILT_PRODUCTS_DIR; };
		1EE120EBFEB5A1FE8CA3E58A /* Pods-GouGou-Live.debug.xcconfig */ = {isa = PBXFileReference; includeInIndex = 1; lastKnownFileType = text.xcconfig; name = "Pods-GouGou-Live.debug.xcconfig"; path = "Pods/Target Support Files/Pods-GouGou-Live/Pods-GouGou-Live.debug.xcconfig"; sourceTree = "<group>"; };
		EEC75C3D1C33BBA8B0E78FDE /* Pods-GouGou-Live.release.xcconfig */ = {isa = PBXFileReference; includeInIndex = 1; lastKnownFileType = text.xcconfig; name = "Pods-GouGou-Live.release.xcconfig"; path = "Pods/Target Support Files/Pods-GouGou-Live/Pods-GouGou-Live.release.xcconfig"; sourceTree = "<group>"; };
/* End PBXFileReference section */

/* Begin PBXFrameworksBuildPhase section */
		0467ACE11DBDEF2200562CC4 /* Frameworks */ = {
			isa = PBXFrameworksBuildPhase;
			buildActionMask = 2147483647;
			files = (
				B1B4669EC9F91A78FC34A39D /* libPods-GouGou-Live.a in Frameworks */,
			);
			runOnlyForDeploymentPostprocessing = 0;
		};
/* End PBXFrameworksBuildPhase section */

/* Begin PBXGroup section */
		0403DD081DBF2C34000632CD /* 账号安全 */ = {
			isa = PBXGroup;
			children = (
				0403DCF91DBF2AFC000632CD /* SecurityAccountViewController.h */,
				0403DCFA1DBF2AFC000632CD /* SecurityAccountViewController.m */,
				0403DCFB1DBF2AFC000632CD /* SecurityAccountViewController.xib */,
			);
			name = "账号安全";
			sourceTree = "<group>";
		};
		0403DD091DBF2C51000632CD /* 消息提醒 */ = {
			isa = PBXGroup;
			children = (
				0403DCFE1DBF2B65000632CD /* MessagePushViewController.h */,
				0403DCFF1DBF2B65000632CD /* MessagePushViewController.m */,
				0403DD001DBF2B65000632CD /* MessagePushViewController.xib */,
			);
			name = "消息提醒";
			sourceTree = "<group>";
		};
		0403DD0A1DBF2C63000632CD /* 意见清除缓存 */ = {
			isa = PBXGroup;
			children = (
				04AE67EA1DBEF4CA00F4831D /* SuggestViewController.h */,
				04AE67EB1DBEF4CA00F4831D /* SuggestViewController.m */,
				04AE67EC1DBEF4CA00F4831D /* SuggestViewController.xib */,
				0403DD031DBF2BB6000632CD /* RemoveCookieViewController.h */,
				0403DD041DBF2BB6000632CD /* RemoveCookieViewController.m */,
				0403DD051DBF2BB6000632CD /* RemoveCookieViewController.xib */,
			);
			name = "意见清除缓存";
			sourceTree = "<group>";
		};
		040FE9F61DC9DE27001225BF /* PresentWaitingViewController */ = {
			isa = PBXGroup;
			children = (
				040FE9F11DC9DE18001225BF /* PresentWaitingViewController.h */,
				040FE9F21DC9DE18001225BF /* PresentWaitingViewController.m */,
				040FE9F31DC9DE18001225BF /* PresentWaitingViewController.xib */,
			);
			name = PresentWaitingViewController;
			sourceTree = "<group>";
		};
		044169EA1DC3BB8500B537E4 /* LiveAction */ = {
			isa = PBXGroup;
			children = (
				044169EB1DC3BB8500B537E4 /* Controllers */,
				044169EC1DC3BB8500B537E4 /* Helper */,
				044169ED1DC3BB8500B537E4 /* Models */,
				044169EE1DC3BB8500B537E4 /* Views */,
			);
			path = LiveAction;
			sourceTree = "<group>";
		};
		044169EB1DC3BB8500B537E4 /* Controllers */ = {
			isa = PBXGroup;
			children = (
				044169F21DC3BBE700B537E4 /* 聊天 */,
				04416A021DC3BC9300B537E4 /* 狗狗 */,
				04416A011DC3BC8700B537E4 /* 客服 */,
				04416A031DC3BCA900B537E4 /* 认证商家 */,
			);
			path = Controllers;
			sourceTree = "<group>";
		};
		044169EC1DC3BB8500B537E4 /* Helper */ = {
			isa = PBXGroup;
			children = (
			);
			path = Helper;
			sourceTree = "<group>";
		};
		044169ED1DC3BB8500B537E4 /* Models */ = {
			isa = PBXGroup;
			children = (
			);
			path = Models;
			sourceTree = "<group>";
		};
		044169EE1DC3BB8500B537E4 /* Views */ = {
			isa = PBXGroup;
			children = (
				0498A09F1DC87EC000727A6A /* 聊天 */,
				044918131DC74ED200541195 /* 狗狗展播 */,
				0498A0A31DC8A4FC00727A6A /* 商家认证 */,
			);
			path = Views;
			sourceTree = "<group>";
		};
		044169F21DC3BBE700B537E4 /* 聊天 */ = {
			isa = PBXGroup;
			children = (
				044169EF1DC3BBD000B537E4 /* TalkingViewController.h */,
				044169F01DC3BBD000B537E4 /* TalkingViewController.m */,
			);
			name = "聊天";
			sourceTree = "<group>";
		};
		04416A011DC3BC8700B537E4 /* 客服 */ = {
			isa = PBXGroup;
			children = (
				044169F61DC3BC2800B537E4 /* ServiceViewController.h */,
				044169F71DC3BC2800B537E4 /* ServiceViewController.m */,
			);
			name = "客服";
			sourceTree = "<group>";
		};
		04416A021DC3BC9300B537E4 /* 狗狗 */ = {
			isa = PBXGroup;
			children = (
				044169FE1DC3BC7C00B537E4 /* DogShowViewController.h */,
				044169FF1DC3BC7C00B537E4 /* DogShowViewController.m */,
			);
			name = "狗狗";
			sourceTree = "<group>";
		};
		04416A031DC3BCA900B537E4 /* 认证商家 */ = {
			isa = PBXGroup;
			children = (
				044169F91DC3BC3F00B537E4 /* SellerShowViewController.h */,
				044169FA1DC3BC3F00B537E4 /* SellerShowViewController.m */,
			);
			name = "认证商家";
			sourceTree = "<group>";
		};
		044918041DC6EEFF00541195 /* 分享弹出框 */ = {
			isa = PBXGroup;
			children = (
				044917FB1DC6EB9200541195 /* ShareAlertView.h */,
				044917FC1DC6EB9200541195 /* ShareAlertView.m */,
				044917FE1DC6EBE000541195 /* ShareBtn.h */,
				044917FF1DC6EBE000541195 /* ShareBtn.m */,
				044918011DC6ECA200541195 /* ShareBtnModel.h */,
				044918021DC6ECA200541195 /* ShareBtnModel.m */,
			);
			name = "分享弹出框";
			sourceTree = "<group>";
		};
		044918131DC74ED200541195 /* 狗狗展播 */ = {
			isa = PBXGroup;
			children = (
				044918081DC70EF800541195 /* DogShowMessageCell.h */,
				044918091DC70EF800541195 /* DogShowMessageCell.m */,
				0449180D1DC72F6F00541195 /* DogImageView.h */,
				0449180E1DC72F6F00541195 /* DogImageView.m */,
				044918101DC74CCA00541195 /* DogMarkView.h */,
				044918111DC74CCA00541195 /* DogMarkView.m */,
			);
			name = "狗狗展播";
			sourceTree = "<group>";
		};
		0457B9F91DC06266009A0B79 /* Category */ = {
			isa = PBXGroup;
			children = (
				0457B9FD1DC06B28009A0B79 /* NSString+CheckString.h */,
				0457B9FE1DC06B28009A0B79 /* NSString+CheckString.m */,
				0457BA001DC07B66009A0B79 /* UIColor+HexString.h */,
				0457BA011DC07B66009A0B79 /* UIColor+HexString.m */,
			);
			path = Category;
			sourceTree = "<group>";
		};
		046657B21DC0D3FE00784687 /* 确认密码 */ = {
			isa = PBXGroup;
			children = (
				046657B31DC0D43000784687 /* SurePsdSuccessViewController.h */,
				046657B41DC0D43000784687 /* SurePsdSuccessViewController.m */,
				046657B51DC0D43000784687 /* SurePsdSuccessViewController.xib */,
				0467AD511DBDFFBA00562CC4 /* SurePsdViewController.h */,
				0467AD521DBDFFBA00562CC4 /* SurePsdViewController.m */,
				0467AD531DBDFFBA00562CC4 /* SurePsdViewController.xib */,
			);
			name = "确认密码";
			sourceTree = "<group>";
		};
		0467ACDB1DBDEF2200562CC4 = {
			isa = PBXGroup;
			children = (
				0467ACE61DBDEF2200562CC4 /* GouGou-Live */,
				0467ACE51DBDEF2200562CC4 /* Products */,
				28209DDB76B660DE1C93619E /* Pods */,
				5808904410711070CD5EE9BD /* Frameworks */,
			);
			sourceTree = "<group>";
		};
		0467ACE51DBDEF2200562CC4 /* Products */ = {
			isa = PBXGroup;
			children = (
				0467ACE41DBDEF2200562CC4 /* GouGou-Live.app */,
			);
			name = Products;
			sourceTree = "<group>";
		};
		0467ACE61DBDEF2200562CC4 /* GouGou-Live */ = {
			isa = PBXGroup;
			children = (
				0467ACFE1DBDF0B300562CC4 /* Classes */,
				0467ACE71DBDEF2200562CC4 /* Supporting Files */,
			);
			path = "GouGou-Live";
			sourceTree = "<group>";
		};
		0467ACE71DBDEF2200562CC4 /* Supporting Files */ = {
			isa = PBXGroup;
			children = (
				0467ACF01DBDEF2200562CC4 /* Main.storyboard */,
				0467ACF31DBDEF2200562CC4 /* Assets.xcassets */,
				0467ACF51DBDEF2200562CC4 /* LaunchScreen.storyboard */,
			);
			name = "Supporting Files";
			sourceTree = "<group>";
		};
		0467ACFE1DBDF0B300562CC4 /* Classes */ = {
			isa = PBXGroup;
			children = (
				0469D3801DC03F8400CEF8E6 /* Venders */,
				0467ACFF1DBDF0B300562CC4 /* LIve */,
				044169EA1DC3BB8500B537E4 /* LiveAction */,
				0467AD281DBDF0B300562CC4 /* Messages */,
				0467AD201DBDF0B300562CC4 /* Me */,
				0467AD121DBDF0B300562CC4 /* Login */,
				0467AD2F1DBDF0B300562CC4 /* Others */,
			);
			path = Classes;
			sourceTree = "<group>";
		};
		0467ACFF1DBDF0B300562CC4 /* LIve */ = {
			isa = PBXGroup;
			children = (
				0467AD001DBDF0B300562CC4 /* Controllers */,
				0467AD0D1DBDF0B300562CC4 /* Helper */,
				0467AD0E1DBDF0B300562CC4 /* Models */,
				0467AD0F1DBDF0B300562CC4 /* Views */,
			);
			path = LIve;
			sourceTree = "<group>";
		};
		0467AD001DBDF0B300562CC4 /* Controllers */ = {
			isa = PBXGroup;
			children = (
				0467AD051DBDF0B300562CC4 /* LiveViewController.h */,
				0467AD061DBDF0B300562CC4 /* LiveViewController.m */,
				0467AD071DBDF0B300562CC4 /* LiveViewController.xib */,
				046BC2DC1DC2ED5D00B5DD52 /* 关注 */,
				046BC2D91DC2ED2C00B5DD52 /* 推荐 */,
				046BC2DB1DC2ED5500B5DD52 /* 最新 */,
				046BC2DD1DC2ED6B00B5DD52 /* 直播界面 */,
				046BC2DA1DC2ED4100B5DD52 /* 搜索界面 */,
			);
			path = Controllers;
			sourceTree = "<group>";
		};
		0467AD0D1DBDF0B300562CC4 /* Helper */ = {
			isa = PBXGroup;
			children = (
			);
			path = Helper;
			sourceTree = "<group>";
		};
		0467AD0E1DBDF0B300562CC4 /* Models */ = {
			isa = PBXGroup;
			children = (
				046BC2D51DC2E73700B5DD52 /* LiveViewCellModel.h */,
				046BC2D61DC2E73700B5DD52 /* LiveViewCellModel.m */,
				046BC2E31DC2EEDE00B5DD52 /* DogTypeCellModel.h */,
				046BC2E41DC2EEDE00B5DD52 /* DogTypeCellModel.m */,
			);
			path = Models;
			sourceTree = "<group>";
		};
		0467AD0F1DBDF0B300562CC4 /* Views */ = {
			isa = PBXGroup;
			children = (
				0467AD101DBDF0B300562CC4 /* LiveTopView.h */,
				0467AD111DBDF0B300562CC4 /* LiveTopView.m */,
				044918041DC6EEFF00541195 /* 分享弹出框 */,
				046BC2E01DC2EE1700B5DD52 /* 筛选 */,
				046BC2DF1DC2EDF000B5DD52 /* 直播列表 */,
				046BC2DE1DC2EDC900B5DD52 /* 关注 */,
				046BC2E21DC2EE5400B5DD52 /* 最新 */,
				04D0331E1DC35C3E00EBE9B7 /* 观看界面 */,
			);
			path = Views;
			sourceTree = "<group>";
		};
		0467AD121DBDF0B300562CC4 /* Login */ = {
			isa = PBXGroup;
			children = (
				0467AD131DBDF0B300562CC4 /* Controllers */,
				0467AD1D1DBDF0B300562CC4 /* Helper */,
				0467AD1E1DBDF0B300562CC4 /* Models */,
				0467AD1F1DBDF0B300562CC4 /* Views */,
			);
			path = Login;
			sourceTree = "<group>";
		};
		0467AD131DBDF0B300562CC4 /* Controllers */ = {
			isa = PBXGroup;
			children = (
				0467AD171DBDF0B300562CC4 /* LoginViewController.h */,
				0467AD181DBDF0B300562CC4 /* LoginViewController.m */,
				0467AD191DBDF0B300562CC4 /* LoginViewController.xib */,
				0467AD1A1DBDF0B300562CC4 /* RegisteViewController.h */,
				0467AD1B1DBDF0B300562CC4 /* RegisteViewController.m */,
				0467AD1C1DBDF0B300562CC4 /* RegisteViewController.xib */,
				0467AD561DBE062E00562CC4 /* 忘记密码 */,
				04AE67B31DBE21FD00F4831D /* 验证码登录 */,
				046657B21DC0D3FE00784687 /* 确认密码 */,
			);
			path = Controllers;
			sourceTree = "<group>";
		};
		0467AD1D1DBDF0B300562CC4 /* Helper */ = {
			isa = PBXGroup;
			children = (
			);
			path = Helper;
			sourceTree = "<group>";
		};
		0467AD1E1DBDF0B300562CC4 /* Models */ = {
			isa = PBXGroup;
			children = (
			);
			path = Models;
			sourceTree = "<group>";
		};
		0467AD1F1DBDF0B300562CC4 /* Views */ = {
			isa = PBXGroup;
			children = (
			);
			path = Views;
			sourceTree = "<group>";
		};
		0467AD201DBDF0B300562CC4 /* Me */ = {
			isa = PBXGroup;
			children = (
				0467AD211DBDF0B300562CC4 /* Controllers */,
				0467AD251DBDF0B300562CC4 /* Helper */,
				0467AD261DBDF0B300562CC4 /* Models */,
				0467AD271DBDF0B300562CC4 /* Views */,
			);
			path = Me;
			sourceTree = "<group>";
		};
		0467AD211DBDF0B300562CC4 /* Controllers */ = {
			isa = PBXGroup;
			children = (
				0467AD221DBDF0B300562CC4 /* MyViewController.h */,
				0467AD231DBDF0B300562CC4 /* MyViewController.m */,
				0467AD241DBDF0B300562CC4 /* MyViewController.xib */,
				04AE67BE1DBEEF7000F4831D /* 账户订单收货 */,
				04AE67CE1DBEF00600F4831D /* 喜欢和观看 */,
				04AE67D91DBEF05000F4831D /* 认证 */,
				04AE67F91DBF0DFF00F4831D /* 设置 */,
			);
			path = Controllers;
			sourceTree = "<group>";
		};
		0467AD251DBDF0B300562CC4 /* Helper */ = {
			isa = PBXGroup;
			children = (
			);
			path = Helper;
			sourceTree = "<group>";
		};
		0467AD261DBDF0B300562CC4 /* Models */ = {
			isa = PBXGroup;
			children = (
			);
			path = Models;
			sourceTree = "<group>";
		};
		0467AD271DBDF0B300562CC4 /* Views */ = {
			isa = PBXGroup;
			children = (
				04AE67F41DBEFC9A00F4831D /* ResetLoginPsdView.h */,
				04AE67F51DBEFC9A00F4831D /* ResetLoginPsdView.m */,
				0403DD0B1DBF3586000632CD /* MyHeaderView.h */,
				0403DD0C1DBF3586000632CD /* MyHeaderView.m */,
				0498A09E1DC8704300727A6A /* 账户 */,
			);
			path = Views;
			sourceTree = "<group>";
		};
		0467AD281DBDF0B300562CC4 /* Messages */ = {
			isa = PBXGroup;
			children = (
				0467AD291DBDF0B300562CC4 /* Controllers */,
				0467AD2C1DBDF0B300562CC4 /* Helper */,
				0467AD2D1DBDF0B300562CC4 /* Models */,
				0467AD2E1DBDF0B300562CC4 /* Views */,
			);
			path = Messages;
			sourceTree = "<group>";
		};
		0467AD291DBDF0B300562CC4 /* Controllers */ = {
			isa = PBXGroup;
			children = (
				0467AD2A1DBDF0B300562CC4 /* MessageViewController.h */,
				0467AD2B1DBDF0B300562CC4 /* MessageViewController.m */,
			);
			path = Controllers;
			sourceTree = "<group>";
		};
		0467AD2C1DBDF0B300562CC4 /* Helper */ = {
			isa = PBXGroup;
			children = (
			);
			path = Helper;
			sourceTree = "<group>";
		};
		0467AD2D1DBDF0B300562CC4 /* Models */ = {
			isa = PBXGroup;
			children = (
			);
			path = Models;
			sourceTree = "<group>";
		};
		0467AD2E1DBDF0B300562CC4 /* Views */ = {
			isa = PBXGroup;
			children = (
			);
			path = Views;
			sourceTree = "<group>";
		};
		0467AD2F1DBDF0B300562CC4 /* Others */ = {
			isa = PBXGroup;
			children = (
				0467AD301DBDF0B300562CC4 /* AppDelegate.h */,
				0467AD311DBDF0B300562CC4 /* AppDelegate.m */,
				0467AD321DBDF0B300562CC4 /* Info.plist */,
				0467AD331DBDF0B300562CC4 /* main.m */,
				0467AD341DBDF0B300562CC4 /* ViewController.h */,
				0467AD351DBDF0B300562CC4 /* ViewController.m */,
				0467AD501DBDF6C500562CC4 /* PrefixHeader.pch */,
				0469D38F1DC0451700CEF8E6 /* APIConfig.h */,
			);
			path = Others;
			sourceTree = "<group>";
		};
		0467AD561DBE062E00562CC4 /* 忘记密码 */ = {
			isa = PBXGroup;
			children = (
				0467AD141DBDF0B300562CC4 /* ForgetPsdViewController.h */,
				0467AD151DBDF0B300562CC4 /* ForgetPsdViewController.m */,
				0467AD161DBDF0B300562CC4 /* ForgetPsdViewController.xib */,
			);
			name = "忘记密码";
			sourceTree = "<group>";
		};
		0469D3801DC03F8400CEF8E6 /* Venders */ = {
			isa = PBXGroup;
			children = (
				0457B9F91DC06266009A0B79 /* Category */,
				0469D3821DC03FC200CEF8E6 /* Tools */,
				0469D3811DC03F8400CEF8E6 /* BaseViewController */,
			);
			path = Venders;
			sourceTree = "<group>";
		};
		0469D3811DC03F8400CEF8E6 /* BaseViewController */ = {
			isa = PBXGroup;
			children = (
				0469D3831DC0404800CEF8E6 /* BaseTabBarController.h */,
				0469D3841DC0404800CEF8E6 /* BaseTabBarController.m */,
				0469D3861DC0406300CEF8E6 /* BaseNavigationController.h */,
				0469D3871DC0406300CEF8E6 /* BaseNavigationController.m */,
				0469D38C1DC041D000CEF8E6 /* BaseViewController.h */,
				0469D38D1DC041D000CEF8E6 /* BaseViewController.m */,
			);
			path = BaseViewController;
			sourceTree = "<group>";
		};
		0469D3821DC03FC200CEF8E6 /* Tools */ = {
			isa = PBXGroup;
			children = (
				0469D3891DC040AA00CEF8E6 /* HTTPTool.h */,
				0469D38A1DC040AA00CEF8E6 /* HTTPTool.m */,
			);
			path = Tools;
			sourceTree = "<group>";
		};
		046BC2B11DC2322A00B5DD52 /* 更多印象 */ = {
			isa = PBXGroup;
			children = (
				0498A0D11DC8D28400727A6A /* DogTypesViewController.h */,
				0498A0D21DC8D28400727A6A /* DogTypesViewController.m */,
				046BC2B21DC24C0D00B5DD52 /* MoreImpressViewController.h */,
				046BC2B31DC24C0D00B5DD52 /* MoreImpressViewController.m */,
			);
			name = "更多印象";
			sourceTree = "<group>";
		};
		046BC2D81DC2ED0700B5DD52 /* 滚动卡片 */ = {
			isa = PBXGroup;
			children = (
				046BC2B71DC2E71200B5DD52 /* DogCardView.h */,
				046BC2B81DC2E71200B5DD52 /* DogCardView.m */,
			);
			name = "滚动卡片";
			sourceTree = "<group>";
		};
		046BC2D91DC2ED2C00B5DD52 /* 推荐 */ = {
			isa = PBXGroup;
			children = (
				0467AD081DBDF0B300562CC4 /* RecommendViewController.h */,
				0467AD091DBDF0B300562CC4 /* RecommendViewController.m */,
			);
			name = "推荐";
			sourceTree = "<group>";
		};
		046BC2DA1DC2ED4100B5DD52 /* 搜索界面 */ = {
			isa = PBXGroup;
			children = (
				0467AD0A1DBDF0B300562CC4 /* SearchViewController.h */,
				0467AD0B1DBDF0B300562CC4 /* SearchViewController.m */,
			);
			name = "搜索界面";
			sourceTree = "<group>";
		};
		046BC2DB1DC2ED5500B5DD52 /* 最新 */ = {
			isa = PBXGroup;
			children = (
				0467AD031DBDF0B300562CC4 /* HostViewController.h */,
				0467AD041DBDF0B300562CC4 /* HostViewController.m */,
				046BC2B11DC2322A00B5DD52 /* 更多印象 */,
			);
			name = "最新";
			sourceTree = "<group>";
		};
		046BC2DC1DC2ED5D00B5DD52 /* 关注 */ = {
			isa = PBXGroup;
			children = (
				0467AD011DBDF0B300562CC4 /* FocusViewController.h */,
				0467AD021DBDF0B300562CC4 /* FocusViewController.m */,
			);
			name = "关注";
			sourceTree = "<group>";
		};
		046BC2DD1DC2ED6B00B5DD52 /* 直播界面 */ = {
			isa = PBXGroup;
			children = (
				046BC2D01DC2E72500B5DD52 /* LivingViewController.h */,
				046BC2D11DC2E72500B5DD52 /* LivingViewController.m */,
				04D033191DC3223400EBE9B7 /* PlayerViewController.h */,
				04D0331A1DC3223400EBE9B7 /* PlayerViewController.m */,
			);
			name = "直播界面";
			sourceTree = "<group>";
		};
		046BC2DE1DC2EDC900B5DD52 /* 关注 */ = {
			isa = PBXGroup;
			children = (
				046BC2C51DC2E71200B5DD52 /* NoneFocusView.h */,
				046BC2C61DC2E71200B5DD52 /* NoneFocusView.m */,
			);
			name = "关注";
			sourceTree = "<group>";
		};
		046BC2DF1DC2EDF000B5DD52 /* 直播列表 */ = {
			isa = PBXGroup;
			children = (
				046BC2C01DC2E71200B5DD52 /* LiveTableView.h */,
				046BC2C11DC2E71200B5DD52 /* LiveTableView.m */,
				046BC2C21DC2E71200B5DD52 /* LiveViewCell.h */,
				046BC2C31DC2E71200B5DD52 /* LiveViewCell.m */,
				046BC2C41DC2E71200B5DD52 /* LiveViewCell.xib */,
				046BC2D81DC2ED0700B5DD52 /* 滚动卡片 */,
			);
			name = "直播列表";
			sourceTree = "<group>";
		};
		046BC2E01DC2EE1700B5DD52 /* 筛选 */ = {
			isa = PBXGroup;
			children = (
				046BC2BC1DC2E71200B5DD52 /* FilteButton.h */,
				046BC2BD1DC2E71200B5DD52 /* FilteButton.m */,
				046BC2BE1DC2E71200B5DD52 /* LiveFilteView.h */,
				046BC2BF1DC2E71200B5DD52 /* LiveFilteView.m */,
				046BC2E11DC2EE2400B5DD52 /* 筛选弹出框 */,
			);
			name = "筛选";
			sourceTree = "<group>";
		};
		046BC2E11DC2EE2400B5DD52 /* 筛选弹出框 */ = {
			isa = PBXGroup;
			children = (
				046BC2BA1DC2E71200B5DD52 /* DogSizeFilter.h */,
				046BC2BB1DC2E71200B5DD52 /* DogSizeFilter.m */,
				04D033131DC3037B00EBE9B7 /* DogAgeFilter.h */,
				04D033141DC3037B00EBE9B7 /* DogAgeFilter.m */,
				04D033161DC31F1A00EBE9B7 /* DogPriceFilter.h */,
				04D033171DC31F1A00EBE9B7 /* DogPriceFilter.m */,
			);
			name = "筛选弹出框";
			sourceTree = "<group>";
		};
		046BC2E21DC2EE5400B5DD52 /* 最新 */ = {
			isa = PBXGroup;
			children = (
				042F19BB1DC1CF950079E8BC /* DogTypesView.h */,
				042F19BC1DC1CF950079E8BC /* DogTypesView.m */,
				042F19B81DC1A0FC0079E8BC /* DogPictureCollectionViewCell.h */,
				042F19B91DC1A0FC0079E8BC /* DogPictureCollectionViewCell.m */,
				0498A08E1DC83AB800727A6A /* MoreImpressViewCell.h */,
				0498A08F1DC83AB800727A6A /* MoreImpressViewCell.m */,
			);
			name = "最新";
			sourceTree = "<group>";
		};
		0498A08D1DC8390C00727A6A /* 账户 */ = {
			isa = PBXGroup;
			children = (
				0498A0D01DC8D27100727A6A /* 提现 */,
				04AE67BF1DBEEFA000F4831D /* AccountViewController.h */,
				04AE67C01DBEEFA000F4831D /* AccountViewController.m */,
				0498A0931DC85FD000727A6A /* DetailCountViewController.h */,
				0498A0941DC85FD000727A6A /* DetailCountViewController.m */,
			);
			name = "账户";
			sourceTree = "<group>";
		};
		0498A09E1DC8704300727A6A /* 账户 */ = {
			isa = PBXGroup;
			children = (
				0498A0961DC8632100727A6A /* DetailCountViewCell.h */,
				0498A0971DC8632100727A6A /* DetailCountViewCell.m */,
				0498A0981DC8632100727A6A /* DetailCountViewCell.xib */,
				0498A09B1DC86D8A00727A6A /* DetailCountTopView.h */,
				0498A09C1DC86D8A00727A6A /* DetailCountTopView.m */,
				040FE9EE1DC9B608001225BF /* PromptView.h */,
				040FE9EF1DC9B608001225BF /* PromptView.m */,
			);
			name = "账户";
			sourceTree = "<group>";
		};
		0498A09F1DC87EC000727A6A /* 聊天 */ = {
			isa = PBXGroup;
			children = (
				0498A0A01DC87EEC00727A6A /* TalkingView.h */,
				0498A0A11DC87EEC00727A6A /* TalkingView.m */,
			);
			name = "聊天";
			sourceTree = "<group>";
		};
		0498A0A31DC8A4FC00727A6A /* 商家认证 */ = {
			isa = PBXGroup;
			children = (
				04DEBD451DC9E541005576C9 /* 商家信息 */,
				04DEBD461DC9E551005576C9 /* 回放 */,
				04DEBD471DC9E55C005576C9 /* 相册 */,
			);
			name = "商家认证";
			sourceTree = "<group>";
		};
		0498A0D01DC8D27100727A6A /* 提现 */ = {
			isa = PBXGroup;
			children = (
				0498A0C61DC8D26700727A6A /* PayingViewController.h */,
				0498A0C71DC8D26700727A6A /* PayingViewController.m */,
				0498A0C81DC8D26700727A6A /* PayingViewController.xib */,
				0498A0C91DC8D26700727A6A /* PresentApplicationViewController.h */,
				0498A0CA1DC8D26700727A6A /* PresentApplicationViewController.m */,
				0498A0CB1DC8D26700727A6A /* PresentApplicationViewController.xib */,
				040FE9F61DC9DE27001225BF /* PresentWaitingViewController */,
			);
			name = "提现";
			sourceTree = "<group>";
		};
		04AE67B31DBE21FD00F4831D /* 验证码登录 */ = {
			isa = PBXGroup;
			children = (
				04AE67B41DBE21FD00F4831D /* CodeLoginViewController.h */,
				04AE67B51DBE21FD00F4831D /* CodeLoginViewController.m */,
				04AE67B61DBE21FD00F4831D /* CodeLoginViewController.xib */,
			);
			path = "验证码登录";
			sourceTree = "<group>";
		};
		04AE67BE1DBEEF7000F4831D /* 账户订单收货 */ = {
			isa = PBXGroup;
			children = (
				0498A08D1DC8390C00727A6A /* 账户 */,
				04AE67C41DBEEFD000F4831D /* ShopAddressViewController.h */,
				04AE67C51DBEEFD000F4831D /* ShopAddressViewController.m */,
				04AE67C61DBEEFD000F4831D /* ShopAddressViewController.xib */,
				04AE67C91DBEEFFC00F4831D /* OrderGoodsViewController.h */,
				04AE67CA1DBEEFFC00F4831D /* OrderGoodsViewController.m */,
				04AE67CB1DBEEFFC00F4831D /* OrderGoodsViewController.xib */,
			);
			name = "账户订单收货";
			sourceTree = "<group>";
		};
		04AE67CE1DBEF00600F4831D /* 喜欢和观看 */ = {
			isa = PBXGroup;
			children = (
				04AE67CF1DBEF02D00F4831D /* FavoriteViewController.h */,
				04AE67D01DBEF02D00F4831D /* FavoriteViewController.m */,
				04AE67D11DBEF02D00F4831D /* FavoriteViewController.xib */,
				04AE67D41DBEF04500F4831D /* WatchHistoryViewController.h */,
				04AE67D51DBEF04500F4831D /* WatchHistoryViewController.m */,
				04AE67D61DBEF04500F4831D /* WatchHistoryViewController.xib */,
			);
			name = "喜欢和观看";
			sourceTree = "<group>";
		};
		04AE67D91DBEF05000F4831D /* 认证 */ = {
			isa = PBXGroup;
			children = (
				04AE67DF1DBEF0DE00F4831D /* CertificateViewController.h */,
				04AE67E01DBEF0DE00F4831D /* CertificateViewController.m */,
				04AE67E11DBEF0DE00F4831D /* CertificateViewController.xib */,
				04AE67E41DBEF10900F4831D /* MerchantViewController.h */,
				04AE67E51DBEF10900F4831D /* MerchantViewController.m */,
				04AE67E61DBEF10900F4831D /* MerchantViewController.xib */,
			);
			name = "认证";
			sourceTree = "<group>";
		};
		04AE67E91DBEF49D00F4831D /* 关于我们 */ = {
			isa = PBXGroup;
			children = (
				04AE67EF1DBEF4DF00F4831D /* AboutUsViewController.h */,
				04AE67F01DBEF4DF00F4831D /* AboutUsViewController.m */,
				04AE67F11DBEF4DF00F4831D /* AboutUsViewController.xib */,
			);
			name = "关于我们";
			sourceTree = "<group>";
		};
		04AE67F91DBF0DFF00F4831D /* 设置 */ = {
			isa = PBXGroup;
			children = (
				0403DCF41DBF29D6000632CD /* SettingViewController.h */,
				0403DCF51DBF29D6000632CD /* SettingViewController.m */,
				0403DCF61DBF29D6000632CD /* SettingViewController.xib */,
				0403DD081DBF2C34000632CD /* 账号安全 */,
				0403DD091DBF2C51000632CD /* 消息提醒 */,
				04AE67E91DBEF49D00F4831D /* 关于我们 */,
				0403DD0A1DBF2C63000632CD /* 意见清除缓存 */,
			);
			name = "设置";
			sourceTree = "<group>";
		};
		04D0331E1DC35C3E00EBE9B7 /* 观看界面 */ = {
			isa = PBXGroup;
			children = (
				04D0331F1DC35C7700EBE9B7 /* LivingCenterView.h */,
				04D033201DC35C7700EBE9B7 /* LivingCenterView.m */,
			);
			name = "观看界面";
			sourceTree = "<group>";
		};
		04DEBD451DC9E541005576C9 /* 商家信息 */ = {
			isa = PBXGroup;
			children = (
				0498A0A41DC8A52000727A6A /* SellerMessageView.h */,
				0498A0A51DC8A52000727A6A /* SellerMessageView.m */,
				0498A0A71DC8A83800727A6A /* StartSourceView.h */,
				0498A0A81DC8A83800727A6A /* StartSourceView.m */,
			);
			name = "商家信息";
			sourceTree = "<group>";
		};
		04DEBD461DC9E551005576C9 /* 回放 */ = {
			isa = PBXGroup;
			children = (
				0498A0D41DC9A39700727A6A /* PlayBackView.h */,
				0498A0D51DC9A39700727A6A /* PlayBackView.m */,
				0498A0DD1DC9BCF600727A6A /* PlayBackCard.h */,
				0498A0DE1DC9BCF600727A6A /* PlayBackCard.m */,
			);
			name = "回放";
			sourceTree = "<group>";
		};
		04DEBD471DC9E55C005576C9 /* 相册 */ = {
			isa = PBXGroup;
			children = (
				0498A0D71DC9A3D900727A6A /* PicturesView.h */,
				0498A0D81DC9A3D900727A6A /* PicturesView.m */,
			);
			name = "相册";
			sourceTree = "<group>";
		};
		28209DDB76B660DE1C93619E /* Pods */ = {
			isa = PBXGroup;
			children = (
				1EE120EBFEB5A1FE8CA3E58A /* Pods-GouGou-Live.debug.xcconfig */,
				EEC75C3D1C33BBA8B0E78FDE /* Pods-GouGou-Live.release.xcconfig */,
			);
			name = Pods;
			sourceTree = "<group>";
		};
		5808904410711070CD5EE9BD /* Frameworks */ = {
			isa = PBXGroup;
			children = (
				085E23E0D1F490B4BD95B4F8 /* libPods-GouGou-Live.a */,
			);
			name = Frameworks;
			sourceTree = "<group>";
		};
/* End PBXGroup section */

/* Begin PBXNativeTarget section */
		0467ACE31DBDEF2200562CC4 /* GouGou-Live */ = {
			isa = PBXNativeTarget;
			buildConfigurationList = 0467ACFB1DBDEF2200562CC4 /* Build configuration list for PBXNativeTarget "GouGou-Live" */;
			buildPhases = (
				A26E3A5EE340BEE8900ACAB0 /* [CP] Check Pods Manifest.lock */,
				0467ACE01DBDEF2200562CC4 /* Sources */,
				0467ACE11DBDEF2200562CC4 /* Frameworks */,
				0467ACE21DBDEF2200562CC4 /* Resources */,
				4104E8450BDEA56CBA0E5259 /* [CP] Embed Pods Frameworks */,
				1CD8B3FDC4928EE2C475AA04 /* [CP] Copy Pods Resources */,
			);
			buildRules = (
			);
			dependencies = (
			);
			name = "GouGou-Live";
			productName = "GouGou-Live";
			productReference = 0467ACE41DBDEF2200562CC4 /* GouGou-Live.app */;
			productType = "com.apple.product-type.application";
		};
/* End PBXNativeTarget section */

/* Begin PBXProject section */
		0467ACDC1DBDEF2200562CC4 /* Project object */ = {
			isa = PBXProject;
			attributes = {
				LastUpgradeCheck = 0720;
				ORGANIZATIONNAME = LXq;
				TargetAttributes = {
					0467ACE31DBDEF2200562CC4 = {
						CreatedOnToolsVersion = 7.2;
					};
				};
			};
			buildConfigurationList = 0467ACDF1DBDEF2200562CC4 /* Build configuration list for PBXProject "GouGou-Live" */;
			compatibilityVersion = "Xcode 3.2";
			developmentRegion = English;
			hasScannedForEncodings = 0;
			knownRegions = (
				en,
				Base,
			);
			mainGroup = 0467ACDB1DBDEF2200562CC4;
			productRefGroup = 0467ACE51DBDEF2200562CC4 /* Products */;
			projectDirPath = "";
			projectRoot = "";
			targets = (
				0467ACE31DBDEF2200562CC4 /* GouGou-Live */,
			);
		};
/* End PBXProject section */

/* Begin PBXResourcesBuildPhase section */
		0467ACE21DBDEF2200562CC4 /* Resources */ = {
			isa = PBXResourcesBuildPhase;
			buildActionMask = 2147483647;
			files = (
				0467ACF71DBDEF2200562CC4 /* LaunchScreen.storyboard in Resources */,
				0467ACF41DBDEF2200562CC4 /* Assets.xcassets in Resources */,
				046657B71DC0D43000784687 /* SurePsdSuccessViewController.xib in Resources */,
				04AE67E31DBEF0DE00F4831D /* CertificateViewController.xib in Resources */,
				046BC2CE1DC2E71200B5DD52 /* LiveViewCell.xib in Resources */,
				0467AD391DBDF0B300562CC4 /* LiveViewController.xib in Resources */,
				04AE67E81DBEF10900F4831D /* MerchantViewController.xib in Resources */,
				0498A0CF1DC8D26700727A6A /* PresentApplicationViewController.xib in Resources */,
				04AE67D81DBEF04500F4831D /* WatchHistoryViewController.xib in Resources */,
				0467AD551DBDFFBA00562CC4 /* SurePsdViewController.xib in Resources */,
				0498A09A1DC8632100727A6A /* DetailCountViewCell.xib in Resources */,
				0403DCF81DBF29D6000632CD /* SettingViewController.xib in Resources */,
				04AE67EE1DBEF4CA00F4831D /* SuggestViewController.xib in Resources */,
				0403DD071DBF2BB6000632CD /* RemoveCookieViewController.xib in Resources */,
				04AE67CD1DBEEFFC00F4831D /* OrderGoodsViewController.xib in Resources */,
				0403DD021DBF2B65000632CD /* MessagePushViewController.xib in Resources */,
				040FE9F51DC9DE18001225BF /* PresentWaitingViewController.xib in Resources */,
				0467AD431DBDF0B300562CC4 /* RegisteViewController.xib in Resources */,
				04AE67B81DBE21FD00F4831D /* CodeLoginViewController.xib in Resources */,
				04AE67F31DBEF4DF00F4831D /* AboutUsViewController.xib in Resources */,
				0467ACF21DBDEF2200562CC4 /* Main.storyboard in Resources */,
				0467AD411DBDF0B300562CC4 /* LoginViewController.xib in Resources */,
				04AE67C81DBEEFD000F4831D /* ShopAddressViewController.xib in Resources */,
				04AE67D31DBEF02D00F4831D /* FavoriteViewController.xib in Resources */,
				0498A0CD1DC8D26700727A6A /* PayingViewController.xib in Resources */,
				0467AD3F1DBDF0B300562CC4 /* ForgetPsdViewController.xib in Resources */,
				0403DCFD1DBF2AFC000632CD /* SecurityAccountViewController.xib in Resources */,
				0467AD451DBDF0B300562CC4 /* MyViewController.xib in Resources */,
			);
			runOnlyForDeploymentPostprocessing = 0;
		};
/* End PBXResourcesBuildPhase section */

/* Begin PBXShellScriptBuildPhase section */
		1CD8B3FDC4928EE2C475AA04 /* [CP] Copy Pods Resources */ = {
			isa = PBXShellScriptBuildPhase;
			buildActionMask = 2147483647;
			files = (
			);
			inputPaths = (
			);
			name = "[CP] Copy Pods Resources";
			outputPaths = (
			);
			runOnlyForDeploymentPostprocessing = 0;
			shellPath = /bin/sh;
			shellScript = "\"${SRCROOT}/Pods/Target Support Files/Pods-GouGou-Live/Pods-GouGou-Live-resources.sh\"\n";
			showEnvVarsInLog = 0;
		};
		4104E8450BDEA56CBA0E5259 /* [CP] Embed Pods Frameworks */ = {
			isa = PBXShellScriptBuildPhase;
			buildActionMask = 2147483647;
			files = (
			);
			inputPaths = (
			);
			name = "[CP] Embed Pods Frameworks";
			outputPaths = (
			);
			runOnlyForDeploymentPostprocessing = 0;
			shellPath = /bin/sh;
			shellScript = "\"${SRCROOT}/Pods/Target Support Files/Pods-GouGou-Live/Pods-GouGou-Live-frameworks.sh\"\n";
			showEnvVarsInLog = 0;
		};
		A26E3A5EE340BEE8900ACAB0 /* [CP] Check Pods Manifest.lock */ = {
			isa = PBXShellScriptBuildPhase;
			buildActionMask = 2147483647;
			files = (
			);
			inputPaths = (
			);
			name = "[CP] Check Pods Manifest.lock";
			outputPaths = (
			);
			runOnlyForDeploymentPostprocessing = 0;
			shellPath = /bin/sh;
			shellScript = "diff \"${PODS_ROOT}/../Podfile.lock\" \"${PODS_ROOT}/Manifest.lock\" > /dev/null\nif [[ $? != 0 ]] ; then\n    cat << EOM\nerror: The sandbox is not in sync with the Podfile.lock. Run 'pod install' or update your CocoaPods installation.\nEOM\n    exit 1\nfi\n";
			showEnvVarsInLog = 0;
		};
/* End PBXShellScriptBuildPhase section */

/* Begin PBXSourcesBuildPhase section */
		0467ACE01DBDEF2200562CC4 /* Sources */ = {
			isa = PBXSourcesBuildPhase;
			buildActionMask = 2147483647;
			files = (
				04AE67F61DBEFC9A00F4831D /* ResetLoginPsdView.m in Sources */,
				04AE67D21DBEF02D00F4831D /* FavoriteViewController.m in Sources */,
				0467AD4A1DBDF0B300562CC4 /* ViewController.m in Sources */,
				046BC2C71DC2E71200B5DD52 /* DogCardView.m in Sources */,
				0467AD491DBDF0B300562CC4 /* main.m in Sources */,
				044917FD1DC6EB9200541195 /* ShareAlertView.m in Sources */,
				04D033211DC35C7700EBE9B7 /* LivingCenterView.m in Sources */,
				0467AD421DBDF0B300562CC4 /* RegisteViewController.m in Sources */,
				0498A0991DC8632100727A6A /* DetailCountViewCell.m in Sources */,
				0498A0D31DC8D28400727A6A /* DogTypesViewController.m in Sources */,
				046BC2B51DC24C0D00B5DD52 /* MoreImpressViewController.m in Sources */,
				0498A0D91DC9A3D900727A6A /* PicturesView.m in Sources */,
				046BC2E51DC2EEDE00B5DD52 /* DogTypeCellModel.m in Sources */,
				046BC2CB1DC2E71200B5DD52 /* LiveFilteView.m in Sources */,
				0498A0CE1DC8D26700727A6A /* PresentApplicationViewController.m in Sources */,
				0498A0CC1DC8D26700727A6A /* PayingViewController.m in Sources */,
				0403DCF71DBF29D6000632CD /* SettingViewController.m in Sources */,
				0498A0D61DC9A39700727A6A /* PlayBackView.m in Sources */,
				046BC2CD1DC2E71200B5DD52 /* LiveViewCell.m in Sources */,
				04AE67ED1DBEF4CA00F4831D /* SuggestViewController.m in Sources */,
				0467AD461DBDF0B300562CC4 /* MessageViewController.m in Sources */,
				04AE67C21DBEEFA000F4831D /* AccountViewController.m in Sources */,
				0498A0DF1DC9BCF600727A6A /* PlayBackCard.m in Sources */,
				04416A001DC3BC7C00B537E4 /* DogShowViewController.m in Sources */,
				0498A0951DC85FD000727A6A /* DetailCountViewController.m in Sources */,
				04D033181DC31F1A00EBE9B7 /* DogPriceFilter.m in Sources */,
				04D033151DC3037B00EBE9B7 /* DogAgeFilter.m in Sources */,
				04AE67E21DBEF0DE00F4831D /* CertificateViewController.m in Sources */,
				0467AD401DBDF0B300562CC4 /* LoginViewController.m in Sources */,
				042F19BD1DC1CF950079E8BC /* DogTypesView.m in Sources */,
				0467AD381DBDF0B300562CC4 /* LiveViewController.m in Sources */,
				04AE67C71DBEEFD000F4831D /* ShopAddressViewController.m in Sources */,
				046BC2CA1DC2E71200B5DD52 /* FilteButton.m in Sources */,
				0467AD3A1DBDF0B300562CC4 /* RecommendViewController.m in Sources */,
				0467AD541DBDFFBA00562CC4 /* SurePsdViewController.m in Sources */,
				046BC2CF1DC2E71200B5DD52 /* NoneFocusView.m in Sources */,
				0467AD441DBDF0B300562CC4 /* MyViewController.m in Sources */,
				0498A09D1DC86D8A00727A6A /* DetailCountTopView.m in Sources */,
				0457BA021DC07B66009A0B79 /* UIColor+HexString.m in Sources */,
				04AE67F21DBEF4DF00F4831D /* AboutUsViewController.m in Sources */,
				0467AD3B1DBDF0B300562CC4 /* SearchViewController.m in Sources */,
				04AE67CC1DBEEFFC00F4831D /* OrderGoodsViewController.m in Sources */,
				0469D38B1DC040AA00CEF8E6 /* HTTPTool.m in Sources */,
				040FE9F41DC9DE18001225BF /* PresentWaitingViewController.m in Sources */,
				04AE67B71DBE21FD00F4831D /* CodeLoginViewController.m in Sources */,
				046BC2CC1DC2E71200B5DD52 /* LiveTableView.m in Sources */,
				0467AD371DBDF0B300562CC4 /* HostViewController.m in Sources */,
				0467AD471DBDF0B300562CC4 /* AppDelegate.m in Sources */,
				04D0331C1DC3223400EBE9B7 /* PlayerViewController.m in Sources */,
				0403DD061DBF2BB6000632CD /* RemoveCookieViewController.m in Sources */,
				0498A0A91DC8A83800727A6A /* StartSourceView.m in Sources */,
				0498A0911DC83AB800727A6A /* MoreImpressViewCell.m in Sources */,
				044918031DC6ECA200541195 /* ShareBtnModel.m in Sources */,
				042F19BA1DC1A0FC0079E8BC /* DogPictureCollectionViewCell.m in Sources */,
				046BC2D71DC2E73700B5DD52 /* LiveViewCellModel.m in Sources */,
				046657B61DC0D43000784687 /* SurePsdSuccessViewController.m in Sources */,
				0469D3881DC0406300CEF8E6 /* BaseNavigationController.m in Sources */,
				0457B9FF1DC06B28009A0B79 /* NSString+CheckString.m in Sources */,
				044918121DC74CCA00541195 /* DogMarkView.m in Sources */,
				044169F81DC3BC2800B537E4 /* ServiceViewController.m in Sources */,
				0449180B1DC70EF800541195 /* DogShowMessageCell.m in Sources */,
				0403DD0D1DBF3586000632CD /* MyHeaderView.m in Sources */,
				0469D38E1DC041D000CEF8E6 /* BaseViewController.m in Sources */,
				0403DCFC1DBF2AFC000632CD /* SecurityAccountViewController.m in Sources */,
				0467AD3E1DBDF0B300562CC4 /* ForgetPsdViewController.m in Sources */,
				046BC2D31DC2E72500B5DD52 /* LivingViewController.m in Sources */,
				0467AD3D1DBDF0B300562CC4 /* LiveTopView.m in Sources */,
				044918001DC6EBE000541195 /* ShareBtn.m in Sources */,
				0498A0A61DC8A52000727A6A /* SellerMessageView.m in Sources */,
				0449180F1DC72F6F00541195 /* DogImageView.m in Sources */,
				0403DD011DBF2B65000632CD /* MessagePushViewController.m in Sources */,
				040FE9F01DC9B608001225BF /* PromptView.m in Sources */,
				0469D3851DC0404800CEF8E6 /* BaseTabBarController.m in Sources */,
				044169F11DC3BBD000B537E4 /* TalkingViewController.m in Sources */,
				046BC2C91DC2E71200B5DD52 /* DogSizeFilter.m in Sources */,
				04AE67E71DBEF10900F4831D /* MerchantViewController.m in Sources */,
				044169FB1DC3BC3F00B537E4 /* SellerShowViewController.m in Sources */,
				0498A0A21DC87EEC00727A6A /* TalkingView.m in Sources */,
				0467AD361DBDF0B300562CC4 /* FocusViewController.m in Sources */,
				04AE67D71DBEF04500F4831D /* WatchHistoryViewController.m in Sources */,
			);
			runOnlyForDeploymentPostprocessing = 0;
		};
/* End PBXSourcesBuildPhase section */

/* Begin PBXVariantGroup section */
		0467ACF01DBDEF2200562CC4 /* Main.storyboard */ = {
			isa = PBXVariantGroup;
			children = (
				0467ACF11DBDEF2200562CC4 /* Base */,
			);
			name = Main.storyboard;
			sourceTree = "<group>";
		};
		0467ACF51DBDEF2200562CC4 /* LaunchScreen.storyboard */ = {
			isa = PBXVariantGroup;
			children = (
				0467ACF61DBDEF2200562CC4 /* Base */,
			);
			name = LaunchScreen.storyboard;
			sourceTree = "<group>";
		};
/* End PBXVariantGroup section */

/* Begin XCBuildConfiguration section */
		0467ACF91DBDEF2200562CC4 /* Debug */ = {
			isa = XCBuildConfiguration;
			buildSettings = {
				ALWAYS_SEARCH_USER_PATHS = NO;
				CLANG_CXX_LANGUAGE_STANDARD = "gnu++0x";
				CLANG_CXX_LIBRARY = "libc++";
				CLANG_ENABLE_MODULES = YES;
				CLANG_ENABLE_OBJC_ARC = YES;
				CLANG_WARN_BOOL_CONVERSION = YES;
				CLANG_WARN_CONSTANT_CONVERSION = YES;
				CLANG_WARN_DIRECT_OBJC_ISA_USAGE = YES_ERROR;
				CLANG_WARN_EMPTY_BODY = YES;
				CLANG_WARN_ENUM_CONVERSION = YES;
				CLANG_WARN_INT_CONVERSION = YES;
				CLANG_WARN_OBJC_ROOT_CLASS = YES_ERROR;
				CLANG_WARN_UNREACHABLE_CODE = YES;
				CLANG_WARN__DUPLICATE_METHOD_MATCH = YES;
				"CODE_SIGN_IDENTITY[sdk=iphoneos*]" = "iPhone Developer";
				COPY_PHASE_STRIP = NO;
				DEBUG_INFORMATION_FORMAT = dwarf;
				ENABLE_STRICT_OBJC_MSGSEND = YES;
				ENABLE_TESTABILITY = YES;
				GCC_C_LANGUAGE_STANDARD = gnu99;
				GCC_DYNAMIC_NO_PIC = NO;
				GCC_NO_COMMON_BLOCKS = YES;
				GCC_OPTIMIZATION_LEVEL = 0;
				GCC_PREPROCESSOR_DEFINITIONS = (
					"DEBUG=1",
					"$(inherited)",
				);
				GCC_WARN_64_TO_32_BIT_CONVERSION = YES;
				GCC_WARN_ABOUT_RETURN_TYPE = YES_ERROR;
				GCC_WARN_UNDECLARED_SELECTOR = YES;
				GCC_WARN_UNINITIALIZED_AUTOS = YES_AGGRESSIVE;
				GCC_WARN_UNUSED_FUNCTION = YES;
				GCC_WARN_UNUSED_VARIABLE = YES;
				IPHONEOS_DEPLOYMENT_TARGET = 9.2;
				MTL_ENABLE_DEBUG_INFO = YES;
				ONLY_ACTIVE_ARCH = YES;
				SDKROOT = iphoneos;
			};
			name = Debug;
		};
		0467ACFA1DBDEF2200562CC4 /* Release */ = {
			isa = XCBuildConfiguration;
			buildSettings = {
				ALWAYS_SEARCH_USER_PATHS = NO;
				CLANG_CXX_LANGUAGE_STANDARD = "gnu++0x";
				CLANG_CXX_LIBRARY = "libc++";
				CLANG_ENABLE_MODULES = YES;
				CLANG_ENABLE_OBJC_ARC = YES;
				CLANG_WARN_BOOL_CONVERSION = YES;
				CLANG_WARN_CONSTANT_CONVERSION = YES;
				CLANG_WARN_DIRECT_OBJC_ISA_USAGE = YES_ERROR;
				CLANG_WARN_EMPTY_BODY = YES;
				CLANG_WARN_ENUM_CONVERSION = YES;
				CLANG_WARN_INT_CONVERSION = YES;
				CLANG_WARN_OBJC_ROOT_CLASS = YES_ERROR;
				CLANG_WARN_UNREACHABLE_CODE = YES;
				CLANG_WARN__DUPLICATE_METHOD_MATCH = YES;
				"CODE_SIGN_IDENTITY[sdk=iphoneos*]" = "iPhone Developer";
				COPY_PHASE_STRIP = NO;
				DEBUG_INFORMATION_FORMAT = "dwarf-with-dsym";
				ENABLE_NS_ASSERTIONS = NO;
				ENABLE_STRICT_OBJC_MSGSEND = YES;
				GCC_C_LANGUAGE_STANDARD = gnu99;
				GCC_NO_COMMON_BLOCKS = YES;
				GCC_WARN_64_TO_32_BIT_CONVERSION = YES;
				GCC_WARN_ABOUT_RETURN_TYPE = YES_ERROR;
				GCC_WARN_UNDECLARED_SELECTOR = YES;
				GCC_WARN_UNINITIALIZED_AUTOS = YES_AGGRESSIVE;
				GCC_WARN_UNUSED_FUNCTION = YES;
				GCC_WARN_UNUSED_VARIABLE = YES;
				IPHONEOS_DEPLOYMENT_TARGET = 9.2;
				MTL_ENABLE_DEBUG_INFO = NO;
				SDKROOT = iphoneos;
				VALIDATE_PRODUCT = YES;
			};
			name = Release;
		};
		0467ACFC1DBDEF2200562CC4 /* Debug */ = {
			isa = XCBuildConfiguration;
			baseConfigurationReference = 1EE120EBFEB5A1FE8CA3E58A /* Pods-GouGou-Live.debug.xcconfig */;
			buildSettings = {
				ASSETCATALOG_COMPILER_APPICON_NAME = AppIcon;
				GCC_PREFIX_HEADER = "$(SRCROOT)/GouGou-Live/Classes/Others/PrefixHeader.pch";
				INFOPLIST_FILE = "$(SRCROOT)/GouGou-Live/Classes/Others/Info.plist";
				IPHONEOS_DEPLOYMENT_TARGET = 7.0;
				LD_RUNPATH_SEARCH_PATHS = "$(inherited) @executable_path/Frameworks";
				PRODUCT_BUNDLE_IDENTIFIER = com.zhuaxing.GouGouLive;
				PRODUCT_NAME = "$(TARGET_NAME)";
			};
			name = Debug;
		};
		0467ACFD1DBDEF2200562CC4 /* Release */ = {
			isa = XCBuildConfiguration;
			baseConfigurationReference = EEC75C3D1C33BBA8B0E78FDE /* Pods-GouGou-Live.release.xcconfig */;
			buildSettings = {
				ASSETCATALOG_COMPILER_APPICON_NAME = AppIcon;
				GCC_PREFIX_HEADER = "$(SRCROOT)/GouGou-Live/Classes/Others/PrefixHeader.pch";
				INFOPLIST_FILE = "$(SRCROOT)/GouGou-Live/Classes/Others/Info.plist";
				IPHONEOS_DEPLOYMENT_TARGET = 7.0;
				LD_RUNPATH_SEARCH_PATHS = "$(inherited) @executable_path/Frameworks";
				PRODUCT_BUNDLE_IDENTIFIER = com.zhuaxing.GouGouLive;
				PRODUCT_NAME = "$(TARGET_NAME)";
			};
			name = Release;
		};
/* End XCBuildConfiguration section */

/* Begin XCConfigurationList section */
		0467ACDF1DBDEF2200562CC4 /* Build configuration list for PBXProject "GouGou-Live" */ = {
			isa = XCConfigurationList;
			buildConfigurations = (
				0467ACF91DBDEF2200562CC4 /* Debug */,
				0467ACFA1DBDEF2200562CC4 /* Release */,
			);
			defaultConfigurationIsVisible = 0;
			defaultConfigurationName = Release;
		};
		0467ACFB1DBDEF2200562CC4 /* Build configuration list for PBXNativeTarget "GouGou-Live" */ = {
			isa = XCConfigurationList;
			buildConfigurations = (
				0467ACFC1DBDEF2200562CC4 /* Debug */,
				0467ACFD1DBDEF2200562CC4 /* Release */,
			);
			defaultConfigurationIsVisible = 0;
			defaultConfigurationName = Release;
		};
/* End XCConfigurationList section */
	};
	rootObject = 0467ACDC1DBDEF2200562CC4 /* Project object */;
}
